// !$*UTF8*$!
{
	archiveVersion = 1;
	classes = {
	};
	objectVersion = 50;
	objects = {

/* Begin PBXBuildFile section */
		3F45DCE022D3AE0600161BC7 /* AppDelegate.swift in Sources */ = {isa = PBXBuildFile; fileRef = 3F45DCDF22D3AE0600161BC7 /* AppDelegate.swift */; };
		3F45DCE222D3AE0600161BC7 /* FirstViewController.swift in Sources */ = {isa = PBXBuildFile; fileRef = 3F45DCE122D3AE0600161BC7 /* FirstViewController.swift */; };
		3F45DCE422D3AE0600161BC7 /* SecondViewController.swift in Sources */ = {isa = PBXBuildFile; fileRef = 3F45DCE322D3AE0600161BC7 /* SecondViewController.swift */; };
		3F45DCE722D3AE0600161BC7 /* Main.storyboard in Resources */ = {isa = PBXBuildFile; fileRef = 3F45DCE522D3AE0600161BC7 /* Main.storyboard */; };
		3F45DCE922D3AE0700161BC7 /* Assets.xcassets in Resources */ = {isa = PBXBuildFile; fileRef = 3F45DCE822D3AE0700161BC7 /* Assets.xcassets */; };
		3F45DCEC22D3AE0700161BC7 /* LaunchScreen.storyboard in Resources */ = {isa = PBXBuildFile; fileRef = 3F45DCEA22D3AE0700161BC7 /* LaunchScreen.storyboard */; };
		3F45DCF722D3AE0700161BC7 /* S_O_S_APPTests.swift in Sources */ = {isa = PBXBuildFile; fileRef = 3F45DCF622D3AE0700161BC7 /* S_O_S_APPTests.swift */; };
		3F45DD0222D3AE0700161BC7 /* S_O_S_APPUITests.swift in Sources */ = {isa = PBXBuildFile; fileRef = 3F45DD0122D3AE0700161BC7 /* S_O_S_APPUITests.swift */; };
/* End PBXBuildFile section */

/* Begin PBXContainerItemProxy section */
		3F45DCF322D3AE0700161BC7 /* PBXContainerItemProxy */ = {
			isa = PBXContainerItemProxy;
			containerPortal = 3F45DCD422D3AE0600161BC7 /* Project object */;
			proxyType = 1;
			remoteGlobalIDString = 3F45DCDB22D3AE0600161BC7;
			remoteInfo = "S.O.S APP";
		};
		3F45DCFE22D3AE0700161BC7 /* PBXContainerItemProxy */ = {
			isa = PBXContainerItemProxy;
			containerPortal = 3F45DCD422D3AE0600161BC7 /* Project object */;
			proxyType = 1;
			remoteGlobalIDString = 3F45DCDB22D3AE0600161BC7;
			remoteInfo = "S.O.S APP";
		};
/* End PBXContainerItemProxy section */

/* Begin PBXFileReference section */
		3F45DCDC22D3AE0600161BC7 /* S.O.S APP.app */ = {isa = PBXFileReference; explicitFileType = wrapper.application; includeInIndex = 0; path = "S.O.S APP.app"; sourceTree = BUILT_PRODUCTS_DIR; };
		3F45DCDF22D3AE0600161BC7 /* AppDelegate.swift */ = {isa = PBXFileReference; lastKnownFileType = sourcecode.swift; path = AppDelegate.swift; sourceTree = "<group>"; };
		3F45DCE122D3AE0600161BC7 /* FirstViewController.swift */ = {isa = PBXFileReference; lastKnownFileType = sourcecode.swift; path = FirstViewController.swift; sourceTree = "<group>"; };
		3F45DCE322D3AE0600161BC7 /* SecondViewController.swift */ = {isa = PBXFileReference; lastKnownFileType = sourcecode.swift; path = SecondViewController.swift; sourceTree = "<group>"; };
		3F45DCE622D3AE0600161BC7 /* Base */ = {isa = PBXFileReference; lastKnownFileType = file.storyboard; name = Base; path = Base.lproj/Main.storyboard; sourceTree = "<group>"; };
		3F45DCE822D3AE0700161BC7 /* Assets.xcassets */ = {isa = PBXFileReference; lastKnownFileType = folder.assetcatalog; path = Assets.xcassets; sourceTree = "<group>"; };
		3F45DCEB22D3AE0700161BC7 /* Base */ = {isa = PBXFileReference; lastKnownFileType = file.storyboard; name = Base; path = Base.lproj/LaunchScreen.storyboard; sourceTree = "<group>"; };
		3F45DCED22D3AE0700161BC7 /* Info.plist */ = {isa = PBXFileReference; lastKnownFileType = text.plist.xml; path = Info.plist; sourceTree = "<group>"; };
		3F45DCF222D3AE0700161BC7 /* S.O.S APPTests.xctest */ = {isa = PBXFileReference; explicitFileType = wrapper.cfbundle; includeInIndex = 0; path = "S.O.S APPTests.xctest"; sourceTree = BUILT_PRODUCTS_DIR; };
		3F45DCF622D3AE0700161BC7 /* S_O_S_APPTests.swift */ = {isa = PBXFileReference; lastKnownFileType = sourcecode.swift; path = S_O_S_APPTests.swift; sourceTree = "<group>"; };
		3F45DCF822D3AE0700161BC7 /* Info.plist */ = {isa = PBXFileReference; lastKnownFileType = text.plist.xml; path = Info.plist; sourceTree = "<group>"; };
		3F45DCFD22D3AE0700161BC7 /* S.O.S APPUITests.xctest */ = {isa = PBXFileReference; explicitFileType = wrapper.cfbundle; includeInIndex = 0; path = "S.O.S APPUITests.xctest"; sourceTree = BUILT_PRODUCTS_DIR; };
		3F45DD0122D3AE0700161BC7 /* S_O_S_APPUITests.swift */ = {isa = PBXFileReference; lastKnownFileType = sourcecode.swift; path = S_O_S_APPUITests.swift; sourceTree = "<group>"; };
		3F45DD0322D3AE0700161BC7 /* Info.plist */ = {isa = PBXFileReference; lastKnownFileType = text.plist.xml; path = Info.plist; sourceTree = "<group>"; };
/* End PBXFileReference section */

/* Begin PBXFrameworksBuildPhase section */
		3F45DCD922D3AE0600161BC7 /* Frameworks */ = {
			isa = PBXFrameworksBuildPhase;
			buildActionMask = 2147483647;
			files = (
			);
			runOnlyForDeploymentPostprocessing = 0;
		};
		3F45DCEF22D3AE0700161BC7 /* Frameworks */ = {
			isa = PBXFrameworksBuildPhase;
			buildActionMask = 2147483647;
			files = (
			);
			runOnlyForDeploymentPostprocessing = 0;
		};
		3F45DCFA22D3AE0700161BC7 /* Frameworks */ = {
			isa = PBXFrameworksBuildPhase;
			buildActionMask = 2147483647;
			files = (
			);
			runOnlyForDeploymentPostprocessing = 0;
		};
/* End PBXFrameworksBuildPhase section */

/* Begin PBXGroup section */
		3F45DCD322D3AE0600161BC7 = {
			isa = PBXGroup;
			children = (
				3F45DCDE22D3AE0600161BC7 /* S.O.S APP */,
				3F45DCF522D3AE0700161BC7 /* S.O.S APPTests */,
				3F45DD0022D3AE0700161BC7 /* S.O.S APPUITests */,
				3F45DCDD22D3AE0600161BC7 /* Products */,
				3F45DCED22D3AE0700161BC7 /* Info.plist */,
			);
			sourceTree = "<group>";
		};
		3F45DCDD22D3AE0600161BC7 /* Products */ = {
			isa = PBXGroup;
			children = (
				3F45DCDC22D3AE0600161BC7 /* S.O.S APP.app */,
				3F45DCF222D3AE0700161BC7 /* S.O.S APPTests.xctest */,
				3F45DCFD22D3AE0700161BC7 /* S.O.S APPUITests.xctest */,
			);
			name = Products;
			sourceTree = "<group>";
		};
		3F45DCDE22D3AE0600161BC7 /* S.O.S APP */ = {
			isa = PBXGroup;
			children = (
				3F45DCDF22D3AE0600161BC7 /* AppDelegate.swift */,
				3F45DCE122D3AE0600161BC7 /* FirstViewController.swift */,
				3F45DCE322D3AE0600161BC7 /* SecondViewController.swift */,
				3F45DCE522D3AE0600161BC7 /* Main.storyboard */,
				3F45DCE822D3AE0700161BC7 /* Assets.xcassets */,
				3F45DCEA22D3AE0700161BC7 /* LaunchScreen.storyboard */,
			);
			path = "S.O.S APP";
			sourceTree = "<group>";
		};
		3F45DCF522D3AE0700161BC7 /* S.O.S APPTests */ = {
			isa = PBXGroup;
			children = (
				3F45DCF622D3AE0700161BC7 /* S_O_S_APPTests.swift */,
				3F45DCF822D3AE0700161BC7 /* Info.plist */,
			);
			path = "S.O.S APPTests";
			sourceTree = "<group>";
		};
		3F45DD0022D3AE0700161BC7 /* S.O.S APPUITests */ = {
			isa = PBXGroup;
			children = (
				3F45DD0122D3AE0700161BC7 /* S_O_S_APPUITests.swift */,
				3F45DD0322D3AE0700161BC7 /* Info.plist */,
			);
			path = "S.O.S APPUITests";
			sourceTree = "<group>";
		};
/* End PBXGroup section */

/* Begin PBXNativeTarget section */
		3F45DCDB22D3AE0600161BC7 /* S.O.S APP */ = {
			isa = PBXNativeTarget;
			buildConfigurationList = 3F45DD0622D3AE0700161BC7 /* Build configuration list for PBXNativeTarget "S.O.S APP" */;
			buildPhases = (
				3F45DCD822D3AE0600161BC7 /* Sources */,
				3F45DCD922D3AE0600161BC7 /* Frameworks */,
				3F45DCDA22D3AE0600161BC7 /* Resources */,
			);
			buildRules = (
			);
			dependencies = (
			);
			name = "S.O.S APP";
			productName = "S.O.S APP";
			productReference = 3F45DCDC22D3AE0600161BC7 /* S.O.S APP.app */;
			productType = "com.apple.product-type.application";
		};
		3F45DCF122D3AE0700161BC7 /* S.O.S APPTests */ = {
			isa = PBXNativeTarget;
			buildConfigurationList = 3F45DD0922D3AE0700161BC7 /* Build configuration list for PBXNativeTarget "S.O.S APPTests" */;
			buildPhases = (
				3F45DCEE22D3AE0700161BC7 /* Sources */,
				3F45DCEF22D3AE0700161BC7 /* Frameworks */,
				3F45DCF022D3AE0700161BC7 /* Resources */,
			);
			buildRules = (
			);
			dependencies = (
				3F45DCF422D3AE0700161BC7 /* PBXTargetDependency */,
			);
			name = "S.O.S APPTests";
			productName = "S.O.S APPTests";
			productReference = 3F45DCF222D3AE0700161BC7 /* S.O.S APPTests.xctest */;
			productType = "com.apple.product-type.bundle.unit-test";
		};
		3F45DCFC22D3AE0700161BC7 /* S.O.S APPUITests */ = {
			isa = PBXNativeTarget;
			buildConfigurationList = 3F45DD0C22D3AE0700161BC7 /* Build configuration list for PBXNativeTarget "S.O.S APPUITests" */;
			buildPhases = (
				3F45DCF922D3AE0700161BC7 /* Sources */,
				3F45DCFA22D3AE0700161BC7 /* Frameworks */,
				3F45DCFB22D3AE0700161BC7 /* Resources */,
			);
			buildRules = (
			);
			dependencies = (
				3F45DCFF22D3AE0700161BC7 /* PBXTargetDependency */,
			);
			name = "S.O.S APPUITests";
			productName = "S.O.S APPUITests";
			productReference = 3F45DCFD22D3AE0700161BC7 /* S.O.S APPUITests.xctest */;
			productType = "com.apple.product-type.bundle.ui-testing";
		};
/* End PBXNativeTarget section */

/* Begin PBXProject section */
		3F45DCD422D3AE0600161BC7 /* Project object */ = {
			isa = PBXProject;
			attributes = {
				LastSwiftUpdateCheck = 1010;
				LastUpgradeCheck = 1010;
				ORGANIZATIONNAME = student;
				TargetAttributes = {
					3F45DCDB22D3AE0600161BC7 = {
						CreatedOnToolsVersion = 10.1;
					};
					3F45DCF122D3AE0700161BC7 = {
						CreatedOnToolsVersion = 10.1;
						TestTargetID = 3F45DCDB22D3AE0600161BC7;
					};
					3F45DCFC22D3AE0700161BC7 = {
						CreatedOnToolsVersion = 10.1;
						TestTargetID = 3F45DCDB22D3AE0600161BC7;
					};
				};
			};
			buildConfigurationList = 3F45DCD722D3AE0600161BC7 /* Build configuration list for PBXProject "S.O.S APP" */;
			compatibilityVersion = "Xcode 9.3";
			developmentRegion = en;
			hasScannedForEncodings = 0;
			knownRegions = (
				en,
				Base,
			);
			mainGroup = 3F45DCD322D3AE0600161BC7;
			productRefGroup = 3F45DCDD22D3AE0600161BC7 /* Products */;
			projectDirPath = "";
			projectRoot = "";
			targets = (
				3F45DCDB22D3AE0600161BC7 /* S.O.S APP */,
				3F45DCF122D3AE0700161BC7 /* S.O.S APPTests */,
				3F45DCFC22D3AE0700161BC7 /* S.O.S APPUITests */,
			);
		};
/* End PBXProject section */

/* Begin PBXResourcesBuildPhase section */
		3F45DCDA22D3AE0600161BC7 /* Resources */ = {
			isa = PBXResourcesBuildPhase;
			buildActionMask = 2147483647;
			files = (
				3F45DCEC22D3AE0700161BC7 /* LaunchScreen.storyboard in Resources */,
				3F45DCE922D3AE0700161BC7 /* Assets.xcassets in Resources */,
				3F45DCE722D3AE0600161BC7 /* Main.storyboard in Resources */,
			);
			runOnlyForDeploymentPostprocessing = 0;
		};
		3F45DCF022D3AE0700161BC7 /* Resources */ = {
			isa = PBXResourcesBuildPhase;
			buildActionMask = 2147483647;
			files = (
			);
			runOnlyForDeploymentPostprocessing = 0;
		};
		3F45DCFB22D3AE0700161BC7 /* Resources */ = {
			isa = PBXResourcesBuildPhase;
			buildActionMask = 2147483647;
			files = (
			);
			runOnlyForDeploymentPostprocessing = 0;
		};
/* End PBXResourcesBuildPhase section */

/* Begin PBXSourcesBuildPhase section */
		3F45DCD822D3AE0600161BC7 /* Sources */ = {
			isa = PBXSourcesBuildPhase;
			buildActionMask = 2147483647;
			files = (
				3F45DCE422D3AE0600161BC7 /* SecondViewController.swift in Sources */,
				3F45DCE022D3AE0600161BC7 /* AppDelegate.swift in Sources */,
				3F45DCE222D3AE0600161BC7 /* FirstViewController.swift in Sources */,
			);
			runOnlyForDeploymentPostprocessing = 0;
		};
		3F45DCEE22D3AE0700161BC7 /* Sources */ = {
			isa = PBXSourcesBuildPhase;
			buildActionMask = 2147483647;
			files = (
				3F45DCF722D3AE0700161BC7 /* S_O_S_APPTests.swift in Sources */,
			);
			runOnlyForDeploymentPostprocessing = 0;
		};
		3F45DCF922D3AE0700161BC7 /* Sources */ = {
			isa = PBXSourcesBuildPhase;
			buildActionMask = 2147483647;
			files = (
				3F45DD0222D3AE0700161BC7 /* S_O_S_APPUITests.swift in Sources */,
			);
			runOnlyForDeploymentPostprocessing = 0;
		};
/* End PBXSourcesBuildPhase section */

/* Begin PBXTargetDependency section */
		3F45DCF422D3AE0700161BC7 /* PBXTargetDependency */ = {
			isa = PBXTargetDependency;
			target = 3F45DCDB22D3AE0600161BC7 /* S.O.S APP */;
			targetProxy = 3F45DCF322D3AE0700161BC7 /* PBXContainerItemProxy */;
		};
		3F45DCFF22D3AE0700161BC7 /* PBXTargetDependency */ = {
			isa = PBXTargetDependency;
			target = 3F45DCDB22D3AE0600161BC7 /* S.O.S APP */;
			targetProxy = 3F45DCFE22D3AE0700161BC7 /* PBXContainerItemProxy */;
		};
/* End PBXTargetDependency section */

/* Begin PBXVariantGroup section */
		3F45DCE522D3AE0600161BC7 /* Main.storyboard */ = {
			isa = PBXVariantGroup;
			children = (
				3F45DCE622D3AE0600161BC7 /* Base */,
			);
			name = Main.storyboard;
			sourceTree = "<group>";
		};
		3F45DCEA22D3AE0700161BC7 /* LaunchScreen.storyboard */ = {
			isa = PBXVariantGroup;
			children = (
				3F45DCEB22D3AE0700161BC7 /* Base */,
			);
			name = LaunchScreen.storyboard;
			sourceTree = "<group>";
		};
/* End PBXVariantGroup section */

/* Begin XCBuildConfiguration section */
		3F45DD0422D3AE0700161BC7 /* Debug */ = {
			isa = XCBuildConfiguration;
			buildSettings = {
				ALWAYS_SEARCH_USER_PATHS = NO;
				CLANG_ANALYZER_NONNULL = YES;
				CLANG_ANALYZER_NUMBER_OBJECT_CONVERSION = YES_AGGRESSIVE;
				CLANG_CXX_LANGUAGE_STANDARD = "gnu++14";
				CLANG_CXX_LIBRARY = "libc++";
				CLANG_ENABLE_MODULES = YES;
				CLANG_ENABLE_OBJC_ARC = YES;
				CLANG_ENABLE_OBJC_WEAK = YES;
				CLANG_WARN_BLOCK_CAPTURE_AUTORELEASING = YES;
				CLANG_WARN_BOOL_CONVERSION = YES;
				CLANG_WARN_COMMA = YES;
				CLANG_WARN_CONSTANT_CONVERSION = YES;
				CLANG_WARN_DEPRECATED_OBJC_IMPLEMENTATIONS = YES;
				CLANG_WARN_DIRECT_OBJC_ISA_USAGE = YES_ERROR;
				CLANG_WARN_DOCUMENTATION_COMMENTS = YES;
				CLANG_WARN_EMPTY_BODY = YES;
				CLANG_WARN_ENUM_CONVERSION = YES;
				CLANG_WARN_INFINITE_RECURSION = YES;
				CLANG_WARN_INT_CONVERSION = YES;
				CLANG_WARN_NON_LITERAL_NULL_CONVERSION = YES;
				CLANG_WARN_OBJC_IMPLICIT_RETAIN_SELF = YES;
				CLANG_WARN_OBJC_LITERAL_CONVERSION = YES;
				CLANG_WARN_OBJC_ROOT_CLASS = YES_ERROR;
				CLANG_WARN_RANGE_LOOP_ANALYSIS = YES;
				CLANG_WARN_STRICT_PROTOTYPES = YES;
				CLANG_WARN_SUSPICIOUS_MOVE = YES;
				CLANG_WARN_UNGUARDED_AVAILABILITY = YES_AGGRESSIVE;
				CLANG_WARN_UNREACHABLE_CODE = YES;
				CLANG_WARN__DUPLICATE_METHOD_MATCH = YES;
				CODE_SIGN_IDENTITY = "iPhone Developer";
				COPY_PHASE_STRIP = NO;
				DEBUG_INFORMATION_FORMAT = dwarf;
				ENABLE_STRICT_OBJC_MSGSEND = YES;
				ENABLE_TESTABILITY = YES;
				GCC_C_LANGUAGE_STANDARD = gnu11;
				GCC_DYNAMIC_NO_PIC = NO;
				GCC_NO_COMMON_BLOCKS = YES;
				GCC_OPTIMIZATION_LEVEL = 0;
				GCC_PREPROCESSOR_DEFINITIONS = (
					"DEBUG=1",
					"$(inherited)",
				);
				GCC_WARN_64_TO_32_BIT_CONVERSION = YES;
				GCC_WARN_ABOUT_RETURN_TYPE = YES_ERROR;
				GCC_WARN_UNDECLARED_SELECTOR = YES;
				GCC_WARN_UNINITIALIZED_AUTOS = YES_AGGRESSIVE;
				GCC_WARN_UNUSED_FUNCTION = YES;
				GCC_WARN_UNUSED_VARIABLE = YES;
				IPHONEOS_DEPLOYMENT_TARGET = 12.1;
				MTL_ENABLE_DEBUG_INFO = INCLUDE_SOURCE;
				MTL_FAST_MATH = YES;
				ONLY_ACTIVE_ARCH = YES;
				SDKROOT = iphoneos;
				SWIFT_ACTIVE_COMPILATION_CONDITIONS = DEBUG;
				SWIFT_OPTIMIZATION_LEVEL = "-Onone";
			};
			name = Debug;
		};
		3F45DD0522D3AE0700161BC7 /* Release */ = {
			isa = XCBuildConfiguration;
			buildSettings = {
				ALWAYS_SEARCH_USER_PATHS = NO;
				CLANG_ANALYZER_NONNULL = YES;
				CLANG_ANALYZER_NUMBER_OBJECT_CONVERSION = YES_AGGRESSIVE;
				CLANG_CXX_LANGUAGE_STANDARD = "gnu++14";
				CLANG_CXX_LIBRARY = "libc++";
				CLANG_ENABLE_MODULES = YES;
				CLANG_ENABLE_OBJC_ARC = YES;
				CLANG_ENABLE_OBJC_WEAK = YES;
				CLANG_WARN_BLOCK_CAPTURE_AUTORELEASING = YES;
				CLANG_WARN_BOOL_CONVERSION = YES;
				CLANG_WARN_COMMA = YES;
				CLANG_WARN_CONSTANT_CONVERSION = YES;
				CLANG_WARN_DEPRECATED_OBJC_IMPLEMENTATIONS = YES;
				CLANG_WARN_DIRECT_OBJC_ISA_USAGE = YES_ERROR;
				CLANG_WARN_DOCUMENTATION_COMMENTS = YES;
				CLANG_WARN_EMPTY_BODY = YES;
				CLANG_WARN_ENUM_CONVERSION = YES;
				CLANG_WARN_INFINITE_RECURSION = YES;
				CLANG_WARN_INT_CONVERSION = YES;
				CLANG_WARN_NON_LITERAL_NULL_CONVERSION = YES;
				CLANG_WARN_OBJC_IMPLICIT_RETAIN_SELF = YES;
				CLANG_WARN_OBJC_LITERAL_CONVERSION = YES;
				CLANG_WARN_OBJC_ROOT_CLASS = YES_ERROR;
				CLANG_WARN_RANGE_LOOP_ANALYSIS = YES;
				CLANG_WARN_STRICT_PROTOTYPES = YES;
				CLANG_WARN_SUSPICIOUS_MOVE = YES;
				CLANG_WARN_UNGUARDED_AVAILABILITY = YES_AGGRESSIVE;
				CLANG_WARN_UNREACHABLE_CODE = YES;
				CLANG_WARN__DUPLICATE_METHOD_MATCH = YES;
				CODE_SIGN_IDENTITY = "iPhone Developer";
				COPY_PHASE_STRIP = NO;
				DEBUG_INFORMATION_FORMAT = "dwarf-with-dsym";
				ENABLE_NS_ASSERTIONS = NO;
				ENABLE_STRICT_OBJC_MSGSEND = YES;
				GCC_C_LANGUAGE_STANDARD = gnu11;
				GCC_NO_COMMON_BLOCKS = YES;
				GCC_WARN_64_TO_32_BIT_CONVERSION = YES;
				GCC_WARN_ABOUT_RETURN_TYPE = YES_ERROR;
				GCC_WARN_UNDECLARED_SELECTOR = YES;
				GCC_WARN_UNINITIALIZED_AUTOS = YES_AGGRESSIVE;
				GCC_WARN_UNUSED_FUNCTION = YES;
				GCC_WARN_UNUSED_VARIABLE = YES;
				IPHONEOS_DEPLOYMENT_TARGET = 12.1;
				MTL_ENABLE_DEBUG_INFO = NO;
				MTL_FAST_MATH = YES;
				SDKROOT = iphoneos;
				SWIFT_COMPILATION_MODE = wholemodule;
				SWIFT_OPTIMIZATION_LEVEL = "-O";
				VALIDATE_PRODUCT = YES;
			};
			name = Release;
		};
		3F45DD0722D3AE0700161BC7 /* Debug */ = {
			isa = XCBuildConfiguration;
			buildSettings = {
				ASSETCATALOG_COMPILER_APPICON_NAME = AppIcon;
				CODE_SIGN_STYLE = Automatic;
				INFOPLIST_FILE = "S.O.S APP/Info.plist";
				LD_RUNPATH_SEARCH_PATHS = (
					"$(inherited)",
					"@executable_path/Frameworks",
				);
				PRODUCT_BUNDLE_IDENTIFIER = "test.S-O-S-APP";
				PRODUCT_NAME = "$(TARGET_NAME)";
				SWIFT_VERSION = 4.2;
				TARGETED_DEVICE_FAMILY = "1,2";
			};
			name = Debug;
		};
		3F45DD0822D3AE0700161BC7 /* Release */ = {
			isa = XCBuildConfiguration;
			buildSettings = {
				ASSETCATALOG_COMPILER_APPICON_NAME = AppIcon;
				CODE_SIGN_STYLE = Automatic;
				INFOPLIST_FILE = "S.O.S APP/Info.plist";
				LD_RUNPATH_SEARCH_PATHS = (
					"$(inherited)",
					"@executable_path/Frameworks",
				);
				PRODUCT_BUNDLE_IDENTIFIER = "test.S-O-S-APP";
				PRODUCT_NAME = "$(TARGET_NAME)";
				SWIFT_VERSION = 4.2;
				TARGETED_DEVICE_FAMILY = "1,2";
			};
			name = Release;
		};
		3F45DD0A22D3AE0700161BC7 /* Debug */ = {
			isa = XCBuildConfiguration;
			buildSettings = {
				ALWAYS_EMBED_SWIFT_STANDARD_LIBRARIES = YES;
				BUNDLE_LOADER = "$(TEST_HOST)";
				CODE_SIGN_STYLE = Automatic;
				INFOPLIST_FILE = "S.O.S APPTests/Info.plist";
				LD_RUNPATH_SEARCH_PATHS = (
					"$(inherited)",
					"@executable_path/Frameworks",
					"@loader_path/Frameworks",
				);
				PRODUCT_BUNDLE_IDENTIFIER = "test.S-O-S-APPTests";
				PRODUCT_NAME = "$(TARGET_NAME)";
				SWIFT_VERSION = 4.2;
				TARGETED_DEVICE_FAMILY = "1,2";
				TEST_HOST = "$(BUILT_PRODUCTS_DIR)/S.O.S APP.app/S.O.S APP";
			};
			name = Debug;
		};
		3F45DD0B22D3AE0700161BC7 /* Release */ = {
			isa = XCBuildConfiguration;
			buildSettings = {
				ALWAYS_EMBED_SWIFT_STANDARD_LIBRARIES = YES;
				BUNDLE_LOADER = "$(TEST_HOST)";
				CODE_SIGN_STYLE = Automatic;
				INFOPLIST_FILE = "S.O.S APPTests/Info.plist";
				LD_RUNPATH_SEARCH_PATHS = (
					"$(inherited)",
					"@executable_path/Frameworks",
					"@loader_path/Frameworks",
				);
				PRODUCT_BUNDLE_IDENTIFIER = "test.S-O-S-APPTests";
				PRODUCT_NAME = "$(TARGET_NAME)";
				SWIFT_VERSION = 4.2;
				TARGETED_DEVICE_FAMILY = "1,2";
				TEST_HOST = "$(BUILT_PRODUCTS_DIR)/S.O.S APP.app/S.O.S APP";
			};
			name = Release;
		};
		3F45DD0D22D3AE0700161BC7 /* Debug */ = {
			isa = XCBuildConfiguration;
			buildSettings = {
				ALWAYS_EMBED_SWIFT_STANDARD_LIBRARIES = YES;
				CODE_SIGN_STYLE = Automatic;
				INFOPLIST_FILE = "S.O.S APPUITests/Info.plist";
				LD_RUNPATH_SEARCH_PATHS = (
					"$(inherited)",
					"@executable_path/Frameworks",
					"@loader_path/Frameworks",
				);
				PRODUCT_BUNDLE_IDENTIFIER = "test.S-O-S-APPUITests";
				PRODUCT_NAME = "$(TARGET_NAME)";
				SWIFT_VERSION = 4.2;
				TARGETED_DEVICE_FAMILY = "1,2";
				TEST_TARGET_NAME = "S.O.S APP";
			};
			name = Debug;
		};
		3F45DD0E22D3AE0700161BC7 /* Release */ = {
			isa = XCBuildConfiguration;
			buildSettings = {
				ALWAYS_EMBED_SWIFT_STANDARD_LIBRARIES = YES;
				CODE_SIGN_STYLE = Automatic;
				INFOPLIST_FILE = "S.O.S APPUITests/Info.plist";
				LD_RUNPATH_SEARCH_PATHS = (
					"$(inherited)",
					"@executable_path/Frameworks",
					"@loader_path/Frameworks",
				);
				PRODUCT_BUNDLE_IDENTIFIER = "test.S-O-S-APPUITests";
				PRODUCT_NAME = "$(TARGET_NAME)";
				SWIFT_VERSION = 4.2;
				TARGETED_DEVICE_FAMILY = "1,2";
				TEST_TARGET_NAME = "S.O.S APP";
			};
			name = Release;
		};
/* End XCBuildConfiguration section */

/* Begin XCConfigurationList section */
		3F45DCD722D3AE0600161BC7 /* Build configuration list for PBXProject "S.O.S APP" */ = {
			isa = XCConfigurationList;
			buildConfigurations = (
				3F45DD0422D3AE0700161BC7 /* Debug */,
				3F45DD0522D3AE0700161BC7 /* Release */,
			);
			defaultConfigurationIsVisible = 0;
			defaultConfigurationName = Release;
		};
		3F45DD0622D3AE0700161BC7 /* Build configuration list for PBXNativeTarget "S.O.S APP" */ = {
			isa = XCConfigurationList;
			buildConfigurations = (
				3F45DD0722D3AE0700161BC7 /* Debug */,
				3F45DD0822D3AE0700161BC7 /* Release */,
			);
			defaultConfigurationIsVisible = 0;
			defaultConfigurationName = Release;
		};
		3F45DD0922D3AE0700161BC7 /* Build configuration list for PBXNativeTarget "S.O.S APPTests" */ = {
			isa = XCConfigurationList;
			buildConfigurations = (
				3F45DD0A22D3AE0700161BC7 /* Debug */,
				3F45DD0B22D3AE0700161BC7 /* Release */,
			);
			defaultConfigurationIsVisible = 0;
			defaultConfigurationName = Release;
		};
		3F45DD0C22D3AE0700161BC7 /* Build configuration list for PBXNativeTarget "S.O.S APPUITests" */ = {
			isa = XCConfigurationList;
			buildConfigurations = (
				3F45DD0D22D3AE0700161BC7 /* Debug */,
				3F45DD0E22D3AE0700161BC7 /* Release */,
			);
			defaultConfigurationIsVisible = 0;
			defaultConfigurationName = Release;
		};
/* End XCConfigurationList section */
	};
	rootObject = 3F45DCD422D3AE0600161BC7 /* Project object */;
}
