// !$*UTF8*$!
{
	archiveVersion = 1;
	classes = {
	};
	objectVersion = 50;
	objects = {

/* Begin PBXBuildFile section */
		3F07FA9F22E0B84E00495874 /* rest.jpg in Resources */ = {isa = PBXBuildFile; fileRef = 3F07FA9E22E0B84D00495874 /* rest.jpg */; };
		3F07FAA122E0B85A00495874 /* meditate.jpg in Resources */ = {isa = PBXBuildFile; fileRef = 3F07FAA022E0B85900495874 /* meditate.jpg */; };
		3F07FAA322E0B86400495874 /* listeningToMusic.jpg in Resources */ = {isa = PBXBuildFile; fileRef = 3F07FAA222E0B86300495874 /* listeningToMusic.jpg */; };
		3F07FAA522E0B87500495874 /* time.jpg in Resources */ = {isa = PBXBuildFile; fileRef = 3F07FAA422E0B87400495874 /* time.jpg */; };
		3F07FAA722E0B88500495874 /* exercise.jpg in Resources */ = {isa = PBXBuildFile; fileRef = 3F07FAA622E0B88400495874 /* exercise.jpg */; };
		3F07FAA922E0B89600495874 /* sleep.jpg in Resources */ = {isa = PBXBuildFile; fileRef = 3F07FAA822E0B89400495874 /* sleep.jpg */; };
		3F07FAAB22E0B8A000495874 /* illegalDrugs.jpg in Resources */ = {isa = PBXBuildFile; fileRef = 3F07FAAA22E0B89F00495874 /* illegalDrugs.jpg */; };
		3F07FAAD22E0BD6500495874 /* panicAttack.jpg in Resources */ = {isa = PBXBuildFile; fileRef = 3F07FAAC22E0BD6300495874 /* panicAttack.jpg */; };
		3F07FAAF22E0BD7800495874 /* worry.jpg in Resources */ = {isa = PBXBuildFile; fileRef = 3F07FAAE22E0BD7700495874 /* worry.jpg */; };
		3F07FAB122E0BD8900495874 /* fear.jpg in Resources */ = {isa = PBXBuildFile; fileRef = 3F07FAB022E0BD8800495874 /* fear.jpg */; };
		3F07FAB322E0BD9900495874 /* family2.jpg in Resources */ = {isa = PBXBuildFile; fileRef = 3F07FAB222E0BD9800495874 /* family2.jpg */; };
		3F07FAB522E0BDB200495874 /* restless.jpg in Resources */ = {isa = PBXBuildFile; fileRef = 3F07FAB422E0BDB100495874 /* restless.jpg */; };
		3F07FAB722E0BDBD00495874 /* irritated.jpg in Resources */ = {isa = PBXBuildFile; fileRef = 3F07FAB622E0BDBC00495874 /* irritated.jpg */; };
		3F07FAB922E0BDC300495874 /* lackOfConcentration.jpg in Resources */ = {isa = PBXBuildFile; fileRef = 3F07FAB822E0BDC200495874 /* lackOfConcentration.jpg */; };
		3F07FABB22E0C14200495874 /* breathingExercise.jpg in Resources */ = {isa = PBXBuildFile; fileRef = 3F07FABA22E0C14000495874 /* breathingExercise.jpg */; };
		3F07FABD22E0C14B00495874 /* listeningToMusic2.jpg in Resources */ = {isa = PBXBuildFile; fileRef = 3F07FABC22E0C14900495874 /* listeningToMusic2.jpg */; };
		3F07FABF22E0C15500495874 /* rememberingThePresent.jpg in Resources */ = {isa = PBXBuildFile; fileRef = 3F07FABE22E0C15400495874 /* rememberingThePresent.jpg */; };
		3F07FAC122E0C16600495874 /* movement.jpg in Resources */ = {isa = PBXBuildFile; fileRef = 3F07FAC022E0C16300495874 /* movement.jpg */; };
		3F07FAC322E0C17200495874 /* calm.jpg in Resources */ = {isa = PBXBuildFile; fileRef = 3F07FAC222E0C17100495874 /* calm.jpg */; };
		3F07FAC522E0C18000495874 /* writing.jpg in Resources */ = {isa = PBXBuildFile; fileRef = 3F07FAC422E0C17F00495874 /* writing.jpg */; };
		3F07FAC722E0C5D300495874 /* hopeless.jpg in Resources */ = {isa = PBXBuildFile; fileRef = 3F07FAC622E0C5D100495874 /* hopeless.jpg */; };
		3F07FAC922E0C5DA00495874 /* feelingImportant.jpg in Resources */ = {isa = PBXBuildFile; fileRef = 3F07FAC822E0C5D800495874 /* feelingImportant.jpg */; };
		3F07FACB22E0C5E900495874 /* medication.jpg in Resources */ = {isa = PBXBuildFile; fileRef = 3F07FACA22E0C5E700495874 /* medication.jpg */; };
		3F07FACD22E0C5F400495874 /* suicide.png in Resources */ = {isa = PBXBuildFile; fileRef = 3F07FACC22E0C5F200495874 /* suicide.png */; };
		3F07FACF22E0C5FF00495874 /* lossOfInterest.jpg in Resources */ = {isa = PBXBuildFile; fileRef = 3F07FACE22E0C5FD00495874 /* lossOfInterest.jpg */; };
		3F07FAD122E0C60400495874 /* lossOfEnergy.jpg in Resources */ = {isa = PBXBuildFile; fileRef = 3F07FAD022E0C60200495874 /* lossOfEnergy.jpg */; };
		3F07FAD322E0C61400495874 /* reckless.jpg in Resources */ = {isa = PBXBuildFile; fileRef = 3F07FAD222E0C61200495874 /* reckless.jpg */; };
		3F07FAD522E0CC5800495874 /* prescriptionMedication.jpg in Resources */ = {isa = PBXBuildFile; fileRef = 3F07FAD422E0CC5600495874 /* prescriptionMedication.jpg */; };
		3F07FAD722E0CC6500495874 /* groupOfFriends.jpg in Resources */ = {isa = PBXBuildFile; fileRef = 3F07FAD622E0CC6300495874 /* groupOfFriends.jpg */; };
		3F07FAD922E0CC7400495874 /* exercise2.jpg in Resources */ = {isa = PBXBuildFile; fileRef = 3F07FAD822E0CC7200495874 /* exercise2.jpg */; };
		3F07FADB22E0CC7C00495874 /* healthyDiet.jpg in Resources */ = {isa = PBXBuildFile; fileRef = 3F07FADA22E0CC7A00495874 /* healthyDiet.jpg */; };
		3F07FADD22E0CCAD00495874 /* activitiesThatAreOfInterest.jpg in Resources */ = {isa = PBXBuildFile; fileRef = 3F07FADC22E0CCAB00495874 /* activitiesThatAreOfInterest.jpg */; };
		3F07FADF22E0CCBF00495874 /* listeningToMusic2.jpg in Resources */ = {isa = PBXBuildFile; fileRef = 3F07FADE22E0CCBF00495874 /* listeningToMusic2.jpg */; };
		3F07FAE122E0CCCB00495874 /* think.jpg in Resources */ = {isa = PBXBuildFile; fileRef = 3F07FAE022E0CCC900495874 /* think.jpg */; };
		3F07FAE322E0CE4700495874 /* beingOutside.jpg in Resources */ = {isa = PBXBuildFile; fileRef = 3F07FAE222E0CE4400495874 /* beingOutside.jpg */; };
		3F8FDA4F22EF5B630099D5BF /* DepressionAnswersViewController.swift in Sources */ = {isa = PBXBuildFile; fileRef = 3F8FDA4E22EF5B630099D5BF /* DepressionAnswersViewController.swift */; };
		3F8FDA5122EF5BD90099D5BF /* StressAnswersViewController.swift in Sources */ = {isa = PBXBuildFile; fileRef = 3F8FDA5022EF5BD90099D5BF /* StressAnswersViewController.swift */; };
		3F9D000322DCD29D00F3D6A9 /* Depression Fifth ViewController.swift in Sources */ = {isa = PBXBuildFile; fileRef = 3F9D000222DCD29D00F3D6A9 /* Depression Fifth ViewController.swift */; };
		3F9D000522DCD36400F3D6A9 /* DepressionSixthViewController.swift in Sources */ = {isa = PBXBuildFile; fileRef = 3F9D000422DCD36400F3D6A9 /* DepressionSixthViewController.swift */; };
		3F9D000722DCD3A500F3D6A9 /* DepressionSeventhViewController.swift in Sources */ = {isa = PBXBuildFile; fileRef = 3F9D000622DCD3A500F3D6A9 /* DepressionSeventhViewController.swift */; };
		3F9D000922DCD6A200F3D6A9 /* AnxietyFifthViewController.swift in Sources */ = {isa = PBXBuildFile; fileRef = 3F9D000822DCD6A200F3D6A9 /* AnxietyFifthViewController.swift */; };
		3F9D000B22DCD70000F3D6A9 /* AnxietySixthViewController.swift in Sources */ = {isa = PBXBuildFile; fileRef = 3F9D000A22DCD70000F3D6A9 /* AnxietySixthViewController.swift */; };
		3F9D000D22DCD75300F3D6A9 /* AnxietySeventhViewController.swift in Sources */ = {isa = PBXBuildFile; fileRef = 3F9D000C22DCD75300F3D6A9 /* AnxietySeventhViewController.swift */; };
		3F9D000F22DCDF6900F3D6A9 /* StressFifthViewController.swift in Sources */ = {isa = PBXBuildFile; fileRef = 3F9D000E22DCDF6900F3D6A9 /* StressFifthViewController.swift */; };
		3F9D001122DCE0A900F3D6A9 /* StressSixthViewController.swift in Sources */ = {isa = PBXBuildFile; fileRef = 3F9D001022DCE0A900F3D6A9 /* StressSixthViewController.swift */; };
		3F9D001322DCE0E500F3D6A9 /* StressSeventhViewController.swift in Sources */ = {isa = PBXBuildFile; fileRef = 3F9D001222DCE0E500F3D6A9 /* StressSeventhViewController.swift */; };
		3FAB2BAB22E60BD900589DC5 /* StressLoadingViewController.swift in Sources */ = {isa = PBXBuildFile; fileRef = 3FAB2BAA22E60BD900589DC5 /* StressLoadingViewController.swift */; };
		3FAB2BAD22E60CC000589DC5 /* AnxietyLoadingViewController.swift in Sources */ = {isa = PBXBuildFile; fileRef = 3FAB2BAC22E60CC000589DC5 /* AnxietyLoadingViewController.swift */; };
		3FAB2BAF22E60D3200589DC5 /* DepressionLoadingViewController.swift in Sources */ = {isa = PBXBuildFile; fileRef = 3FAB2BAE22E60D3200589DC5 /* DepressionLoadingViewController.swift */; };
		3FB8BE9022DE14F0005C5400 /* StressAnswerViewController.swift in Sources */ = {isa = PBXBuildFile; fileRef = 3FB8BE8F22DE14F0005C5400 /* StressAnswerViewController.swift */; };
		3FB8BE9222DE1545005C5400 /* StressAnswer2ViewController.swift in Sources */ = {isa = PBXBuildFile; fileRef = 3FB8BE9122DE1545005C5400 /* StressAnswer2ViewController.swift */; };
		3FB8BE9422DE1590005C5400 /* StressAnswer3ViewController.swift in Sources */ = {isa = PBXBuildFile; fileRef = 3FB8BE9322DE1590005C5400 /* StressAnswer3ViewController.swift */; };
		3FB8BE9622DE15CB005C5400 /* StressAnswer4ViewController.swift in Sources */ = {isa = PBXBuildFile; fileRef = 3FB8BE9522DE15CB005C5400 /* StressAnswer4ViewController.swift */; };
		3FB8BE9822DE1609005C5400 /* StressAnswer5ViewController.swift in Sources */ = {isa = PBXBuildFile; fileRef = 3FB8BE9722DE1609005C5400 /* StressAnswer5ViewController.swift */; };
		3FB8BE9A22DE1658005C5400 /* StressAnswer6ViewController.swift in Sources */ = {isa = PBXBuildFile; fileRef = 3FB8BE9922DE1658005C5400 /* StressAnswer6ViewController.swift */; };
		3FB8BE9C22DE168C005C5400 /* StressAnswer7ViewController.swift in Sources */ = {isa = PBXBuildFile; fileRef = 3FB8BE9B22DE168C005C5400 /* StressAnswer7ViewController.swift */; };
		3FB8BE9E22DE16E8005C5400 /* AnxietyAnswerViewController.swift in Sources */ = {isa = PBXBuildFile; fileRef = 3FB8BE9D22DE16E8005C5400 /* AnxietyAnswerViewController.swift */; };
		3FB8BEA022DE1721005C5400 /* AnxietyAnswer2ViewController.swift in Sources */ = {isa = PBXBuildFile; fileRef = 3FB8BE9F22DE1721005C5400 /* AnxietyAnswer2ViewController.swift */; };
		3FB8BEA222DE1753005C5400 /* AnxietyAnswer3ViewController.swift in Sources */ = {isa = PBXBuildFile; fileRef = 3FB8BEA122DE1753005C5400 /* AnxietyAnswer3ViewController.swift */; };
		3FB8BEA422DE1788005C5400 /* AnxietyAnswer4ViewController.swift in Sources */ = {isa = PBXBuildFile; fileRef = 3FB8BEA322DE1788005C5400 /* AnxietyAnswer4ViewController.swift */; };
		3FB8BEA622DE17A4005C5400 /* AnxietyAnswer5ViewController.swift in Sources */ = {isa = PBXBuildFile; fileRef = 3FB8BEA522DE17A4005C5400 /* AnxietyAnswer5ViewController.swift */; };
		3FB8BEA822DE17D6005C5400 /* AnxietyAnswer6ViewController.swift in Sources */ = {isa = PBXBuildFile; fileRef = 3FB8BEA722DE17D6005C5400 /* AnxietyAnswer6ViewController.swift */; };
		3FB8BEAC22DE1896005C5400 /* DepressionAnswerViewController.swift in Sources */ = {isa = PBXBuildFile; fileRef = 3FB8BEAB22DE1896005C5400 /* DepressionAnswerViewController.swift */; };
		3FB8BEAE22DE18B9005C5400 /* DepressionAnswer2ViewController.swift in Sources */ = {isa = PBXBuildFile; fileRef = 3FB8BEAD22DE18B9005C5400 /* DepressionAnswer2ViewController.swift */; };
		3FB8BEB022DE18D6005C5400 /* DepressionAnswer3ViewController.swift in Sources */ = {isa = PBXBuildFile; fileRef = 3FB8BEAF22DE18D6005C5400 /* DepressionAnswer3ViewController.swift */; };
		3FB8BEB222DE18E8005C5400 /* DepressionAnswer4ViewController.swift in Sources */ = {isa = PBXBuildFile; fileRef = 3FB8BEB122DE18E8005C5400 /* DepressionAnswer4ViewController.swift */; };
		3FB8BEB422DE18FE005C5400 /* DepressionAnswer5ViewController.swift in Sources */ = {isa = PBXBuildFile; fileRef = 3FB8BEB322DE18FE005C5400 /* DepressionAnswer5ViewController.swift */; };
		3FB8BEB622DE191A005C5400 /* DepressionAnswer6ViewController.swift in Sources */ = {isa = PBXBuildFile; fileRef = 3FB8BEB522DE191A005C5400 /* DepressionAnswer6ViewController.swift */; };
		3FB8BEB822DE193A005C5400 /* DepressionAnswer7ViewController.swift in Sources */ = {isa = PBXBuildFile; fileRef = 3FB8BEB722DE193A005C5400 /* DepressionAnswer7ViewController.swift */; };
		3FB8BEBA22DE2519005C5400 /* EmergencyViewController.swift in Sources */ = {isa = PBXBuildFile; fileRef = 3FB8BEB922DE2519005C5400 /* EmergencyViewController.swift */; };
		3FB8BEBD22DE39CA005C5400 /* headache.jpg in Resources */ = {isa = PBXBuildFile; fileRef = 3FB8BEBC22DE39CA005C5400 /* headache.jpg */; };
		3FB8BEBF22DE3B1D005C5400 /* lotsOfWork.jpg in Resources */ = {isa = PBXBuildFile; fileRef = 3FB8BEBE22DE3B1C005C5400 /* lotsOfWork.jpg */; };
		3FB8BEC122DE3B97005C5400 /* overwhelmed.jpg in Resources */ = {isa = PBXBuildFile; fileRef = 3FB8BEC022DE3B96005C5400 /* overwhelmed.jpg */; };
		3FB8BEC322DE3BC2005C5400 /* stomachache.jpg in Resources */ = {isa = PBXBuildFile; fileRef = 3FB8BEC222DE3BC0005C5400 /* stomachache.jpg */; };
		3FB8BEC522DE3C1F005C5400 /* tired.jpg in Resources */ = {isa = PBXBuildFile; fileRef = 3FB8BEC422DE3C1D005C5400 /* tired.jpg */; };
		3FB8BEC822DE3E4D005C5400 /* safe.png in Resources */ = {isa = PBXBuildFile; fileRef = 3FB8BEC722DE3E4C005C5400 /* safe.png */; };
		3FB8BECA22DE3ED5005C5400 /* fatigued.jpg in Resources */ = {isa = PBXBuildFile; fileRef = 3FB8BEC922DE3ED4005C5400 /* fatigued.jpg */; };
		3FC0D9ED22E75F2F00E514F6 /* TestingAnswersViewController.swift in Sources */ = {isa = PBXBuildFile; fileRef = 3FC0D9EC22E75F2F00E514F6 /* TestingAnswersViewController.swift */; };
		3FCDC6A622D6293300433AAB /* AppDelegate.swift in Sources */ = {isa = PBXBuildFile; fileRef = 3FCDC6A522D6293300433AAB /* AppDelegate.swift */; };
		3FCDC6A822D6293300433AAB /* ViewController.swift in Sources */ = {isa = PBXBuildFile; fileRef = 3FCDC6A722D6293300433AAB /* ViewController.swift */; };
		3FCDC6AB22D6293300433AAB /* Main.storyboard in Resources */ = {isa = PBXBuildFile; fileRef = 3FCDC6A922D6293300433AAB /* Main.storyboard */; };
		3FCDC6AD22D6293500433AAB /* Assets.xcassets in Resources */ = {isa = PBXBuildFile; fileRef = 3FCDC6AC22D6293500433AAB /* Assets.xcassets */; };
		3FCDC6B022D6293500433AAB /* LaunchScreen.storyboard in Resources */ = {isa = PBXBuildFile; fileRef = 3FCDC6AE22D6293500433AAB /* LaunchScreen.storyboard */; };
		3FCDC6BB22D6293500433AAB /* S_O_STests.swift in Sources */ = {isa = PBXBuildFile; fileRef = 3FCDC6BA22D6293500433AAB /* S_O_STests.swift */; };
		3FCDC6C622D6293500433AAB /* S_O_SUITests.swift in Sources */ = {isa = PBXBuildFile; fileRef = 3FCDC6C522D6293500433AAB /* S_O_SUITests.swift */; };
		3FCDC6D422D62AF100433AAB /* Unknown.png in Resources */ = {isa = PBXBuildFile; fileRef = 3FCDC6D322D62AF100433AAB /* Unknown.png */; };
		3FCDC6D822D62D1400433AAB /* green.jpg in Resources */ = {isa = PBXBuildFile; fileRef = 3FCDC6D722D62D1400433AAB /* green.jpg */; };
		3FCDC6DA22D62D7500433AAB /* Blue-Rectangle.png in Resources */ = {isa = PBXBuildFile; fileRef = 3FCDC6D922D62D7400433AAB /* Blue-Rectangle.png */; };
		3FCDC6DC22D62D7900433AAB /* 1325787.gif in Resources */ = {isa = PBXBuildFile; fileRef = 3FCDC6DB22D62D7800433AAB /* 1325787.gif */; };
		3FCDC6DE22D630A000433AAB /* Paragon.png in Resources */ = {isa = PBXBuildFile; fileRef = 3FCDC6DD22D630A000433AAB /* Paragon.png */; };
		3FCDC6E222D6329100433AAB /* AnxietyViewController.swift in Sources */ = {isa = PBXBuildFile; fileRef = 3FCDC6E122D6329100433AAB /* AnxietyViewController.swift */; };
		3FCDC6E422D632C700433AAB /* DepressionViewController.swift in Sources */ = {isa = PBXBuildFile; fileRef = 3FCDC6E322D632C700433AAB /* DepressionViewController.swift */; };
		3FCDC6E622D6331200433AAB /* StressViewController.swift in Sources */ = {isa = PBXBuildFile; fileRef = 3FCDC6E522D6331200433AAB /* StressViewController.swift */; };
		3FCDC6E822D657EB00433AAB /* StressSecondViewController.swift in Sources */ = {isa = PBXBuildFile; fileRef = 3FCDC6E722D657EB00433AAB /* StressSecondViewController.swift */; };
		3FCDC6EA22D6582800433AAB /* StressThirdViewController.swift in Sources */ = {isa = PBXBuildFile; fileRef = 3FCDC6E922D6582800433AAB /* StressThirdViewController.swift */; };
		3FCDC6EC22D6583C00433AAB /* StressFourthViewController.swift in Sources */ = {isa = PBXBuildFile; fileRef = 3FCDC6EB22D6583C00433AAB /* StressFourthViewController.swift */; };
		3FCDC6EE22D6589C00433AAB /* AnxietySecondViewController.swift in Sources */ = {isa = PBXBuildFile; fileRef = 3FCDC6ED22D6589C00433AAB /* AnxietySecondViewController.swift */; };
		3FCDC6F022D658FE00433AAB /* AnxietyThirdViewController.swift in Sources */ = {isa = PBXBuildFile; fileRef = 3FCDC6EF22D658FE00433AAB /* AnxietyThirdViewController.swift */; };
		3FCDC6F222D6591000433AAB /* AnxietyFourthViewController.swift in Sources */ = {isa = PBXBuildFile; fileRef = 3FCDC6F122D6591000433AAB /* AnxietyFourthViewController.swift */; };
		3FCDC6F422D6595A00433AAB /* DepressionSecondViewController.swift in Sources */ = {isa = PBXBuildFile; fileRef = 3FCDC6F322D6595A00433AAB /* DepressionSecondViewController.swift */; };
		3FCDC6F622D6596F00433AAB /* DepressionThirdViewController.swift in Sources */ = {isa = PBXBuildFile; fileRef = 3FCDC6F522D6596F00433AAB /* DepressionThirdViewController.swift */; };
		3FCDC6F822D6599D00433AAB /* DepressionFourthViewController.swift in Sources */ = {isa = PBXBuildFile; fileRef = 3FCDC6F722D6599D00433AAB /* DepressionFourthViewController.swift */; };
/* End PBXBuildFile section */

/* Begin PBXContainerItemProxy section */
		3FCDC6B722D6293500433AAB /* PBXContainerItemProxy */ = {
			isa = PBXContainerItemProxy;
			containerPortal = 3FCDC69A22D6293300433AAB /* Project object */;
			proxyType = 1;
			remoteGlobalIDString = 3FCDC6A122D6293300433AAB;
			remoteInfo = S.O.S;
		};
		3FCDC6C222D6293500433AAB /* PBXContainerItemProxy */ = {
			isa = PBXContainerItemProxy;
			containerPortal = 3FCDC69A22D6293300433AAB /* Project object */;
			proxyType = 1;
			remoteGlobalIDString = 3FCDC6A122D6293300433AAB;
			remoteInfo = S.O.S;
		};
/* End PBXContainerItemProxy section */

/* Begin PBXFileReference section */
		3F07FA9E22E0B84D00495874 /* rest.jpg */ = {isa = PBXFileReference; lastKnownFileType = image.jpeg; name = rest.jpg; path = Pictures/rest.jpg; sourceTree = SOURCE_ROOT; };
		3F07FAA022E0B85900495874 /* meditate.jpg */ = {isa = PBXFileReference; lastKnownFileType = image.jpeg; name = meditate.jpg; path = Pictures/meditate.jpg; sourceTree = SOURCE_ROOT; };
		3F07FAA222E0B86300495874 /* listeningToMusic.jpg */ = {isa = PBXFileReference; lastKnownFileType = image.jpeg; name = listeningToMusic.jpg; path = Pictures/listeningToMusic.jpg; sourceTree = SOURCE_ROOT; };
		3F07FAA422E0B87400495874 /* time.jpg */ = {isa = PBXFileReference; lastKnownFileType = image.jpeg; name = time.jpg; path = Pictures/time.jpg; sourceTree = SOURCE_ROOT; };
		3F07FAA622E0B88400495874 /* exercise.jpg */ = {isa = PBXFileReference; lastKnownFileType = image.jpeg; name = exercise.jpg; path = Pictures/exercise.jpg; sourceTree = SOURCE_ROOT; };
		3F07FAA822E0B89400495874 /* sleep.jpg */ = {isa = PBXFileReference; lastKnownFileType = image.jpeg; name = sleep.jpg; path = Pictures/sleep.jpg; sourceTree = SOURCE_ROOT; };
		3F07FAAA22E0B89F00495874 /* illegalDrugs.jpg */ = {isa = PBXFileReference; lastKnownFileType = image.jpeg; name = illegalDrugs.jpg; path = Pictures/illegalDrugs.jpg; sourceTree = SOURCE_ROOT; };
		3F07FAAC22E0BD6300495874 /* panicAttack.jpg */ = {isa = PBXFileReference; lastKnownFileType = image.jpeg; name = panicAttack.jpg; path = Pictures/panicAttack.jpg; sourceTree = SOURCE_ROOT; };
		3F07FAAE22E0BD7700495874 /* worry.jpg */ = {isa = PBXFileReference; lastKnownFileType = image.jpeg; name = worry.jpg; path = Pictures/worry.jpg; sourceTree = SOURCE_ROOT; };
		3F07FAB022E0BD8800495874 /* fear.jpg */ = {isa = PBXFileReference; lastKnownFileType = image.jpeg; name = fear.jpg; path = Pictures/fear.jpg; sourceTree = SOURCE_ROOT; };
		3F07FAB222E0BD9800495874 /* family2.jpg */ = {isa = PBXFileReference; lastKnownFileType = image.jpeg; name = family2.jpg; path = Pictures/family2.jpg; sourceTree = SOURCE_ROOT; };
		3F07FAB422E0BDB100495874 /* restless.jpg */ = {isa = PBXFileReference; lastKnownFileType = image.jpeg; name = restless.jpg; path = Pictures/restless.jpg; sourceTree = SOURCE_ROOT; };
		3F07FAB622E0BDBC00495874 /* irritated.jpg */ = {isa = PBXFileReference; lastKnownFileType = image.jpeg; name = irritated.jpg; path = Pictures/irritated.jpg; sourceTree = SOURCE_ROOT; };
		3F07FAB822E0BDC200495874 /* lackOfConcentration.jpg */ = {isa = PBXFileReference; lastKnownFileType = image.jpeg; name = lackOfConcentration.jpg; path = Pictures/lackOfConcentration.jpg; sourceTree = SOURCE_ROOT; };
		3F07FABA22E0C14000495874 /* breathingExercise.jpg */ = {isa = PBXFileReference; lastKnownFileType = image.jpeg; name = breathingExercise.jpg; path = Pictures/breathingExercise.jpg; sourceTree = SOURCE_ROOT; };
		3F07FABC22E0C14900495874 /* listeningToMusic2.jpg */ = {isa = PBXFileReference; lastKnownFileType = image.jpeg; name = listeningToMusic2.jpg; path = Pictures/listeningToMusic2.jpg; sourceTree = SOURCE_ROOT; };
		3F07FABE22E0C15400495874 /* rememberingThePresent.jpg */ = {isa = PBXFileReference; lastKnownFileType = image.jpeg; name = rememberingThePresent.jpg; path = Pictures/rememberingThePresent.jpg; sourceTree = SOURCE_ROOT; };
		3F07FAC022E0C16300495874 /* movement.jpg */ = {isa = PBXFileReference; lastKnownFileType = image.jpeg; name = movement.jpg; path = Pictures/movement.jpg; sourceTree = SOURCE_ROOT; };
		3F07FAC222E0C17100495874 /* calm.jpg */ = {isa = PBXFileReference; lastKnownFileType = image.jpeg; name = calm.jpg; path = Pictures/calm.jpg; sourceTree = SOURCE_ROOT; };
		3F07FAC422E0C17F00495874 /* writing.jpg */ = {isa = PBXFileReference; lastKnownFileType = image.jpeg; name = writing.jpg; path = Pictures/writing.jpg; sourceTree = SOURCE_ROOT; };
		3F07FAC622E0C5D100495874 /* hopeless.jpg */ = {isa = PBXFileReference; lastKnownFileType = image.jpeg; name = hopeless.jpg; path = Pictures/hopeless.jpg; sourceTree = SOURCE_ROOT; };
		3F07FAC822E0C5D800495874 /* feelingImportant.jpg */ = {isa = PBXFileReference; lastKnownFileType = image.jpeg; name = feelingImportant.jpg; path = Pictures/feelingImportant.jpg; sourceTree = SOURCE_ROOT; };
		3F07FACA22E0C5E700495874 /* medication.jpg */ = {isa = PBXFileReference; lastKnownFileType = image.jpeg; name = medication.jpg; path = Pictures/medication.jpg; sourceTree = SOURCE_ROOT; };
		3F07FACC22E0C5F200495874 /* suicide.png */ = {isa = PBXFileReference; lastKnownFileType = image.png; name = suicide.png; path = Pictures/suicide.png; sourceTree = SOURCE_ROOT; };
		3F07FACE22E0C5FD00495874 /* lossOfInterest.jpg */ = {isa = PBXFileReference; lastKnownFileType = image.jpeg; name = lossOfInterest.jpg; path = Pictures/lossOfInterest.jpg; sourceTree = SOURCE_ROOT; };
		3F07FAD022E0C60200495874 /* lossOfEnergy.jpg */ = {isa = PBXFileReference; lastKnownFileType = image.jpeg; name = lossOfEnergy.jpg; path = Pictures/lossOfEnergy.jpg; sourceTree = SOURCE_ROOT; };
		3F07FAD222E0C61200495874 /* reckless.jpg */ = {isa = PBXFileReference; lastKnownFileType = image.jpeg; name = reckless.jpg; path = Pictures/reckless.jpg; sourceTree = SOURCE_ROOT; };
		3F07FAD422E0CC5600495874 /* prescriptionMedication.jpg */ = {isa = PBXFileReference; lastKnownFileType = image.jpeg; name = prescriptionMedication.jpg; path = Pictures/prescriptionMedication.jpg; sourceTree = SOURCE_ROOT; };
		3F07FAD622E0CC6300495874 /* groupOfFriends.jpg */ = {isa = PBXFileReference; lastKnownFileType = image.jpeg; name = groupOfFriends.jpg; path = Pictures/groupOfFriends.jpg; sourceTree = SOURCE_ROOT; };
		3F07FAD822E0CC7200495874 /* exercise2.jpg */ = {isa = PBXFileReference; lastKnownFileType = image.jpeg; name = exercise2.jpg; path = Pictures/exercise2.jpg; sourceTree = SOURCE_ROOT; };
		3F07FADA22E0CC7A00495874 /* healthyDiet.jpg */ = {isa = PBXFileReference; lastKnownFileType = image.jpeg; name = healthyDiet.jpg; path = Pictures/healthyDiet.jpg; sourceTree = SOURCE_ROOT; };
		3F07FADC22E0CCAB00495874 /* activitiesThatAreOfInterest.jpg */ = {isa = PBXFileReference; lastKnownFileType = image.jpeg; name = activitiesThatAreOfInterest.jpg; path = Pictures/activitiesThatAreOfInterest.jpg; sourceTree = SOURCE_ROOT; };
		3F07FADE22E0CCBF00495874 /* listeningToMusic2.jpg */ = {isa = PBXFileReference; lastKnownFileType = image.jpeg; name = listeningToMusic2.jpg; path = Pictures/listeningToMusic2.jpg; sourceTree = SOURCE_ROOT; };
		3F07FAE022E0CCC900495874 /* think.jpg */ = {isa = PBXFileReference; lastKnownFileType = image.jpeg; name = think.jpg; path = Pictures/think.jpg; sourceTree = SOURCE_ROOT; };
		3F07FAE222E0CE4400495874 /* beingOutside.jpg */ = {isa = PBXFileReference; lastKnownFileType = image.jpeg; name = beingOutside.jpg; path = Pictures/beingOutside.jpg; sourceTree = SOURCE_ROOT; };
		3F8FDA4E22EF5B630099D5BF /* DepressionAnswersViewController.swift */ = {isa = PBXFileReference; lastKnownFileType = sourcecode.swift; path = DepressionAnswersViewController.swift; sourceTree = "<group>"; };
		3F8FDA5022EF5BD90099D5BF /* StressAnswersViewController.swift */ = {isa = PBXFileReference; lastKnownFileType = sourcecode.swift; path = StressAnswersViewController.swift; sourceTree = "<group>"; };
		3F9D000222DCD29D00F3D6A9 /* Depression Fifth ViewController.swift */ = {isa = PBXFileReference; lastKnownFileType = sourcecode.swift; path = "Depression Fifth ViewController.swift"; sourceTree = "<group>"; };
		3F9D000422DCD36400F3D6A9 /* DepressionSixthViewController.swift */ = {isa = PBXFileReference; lastKnownFileType = sourcecode.swift; path = DepressionSixthViewController.swift; sourceTree = "<group>"; };
		3F9D000622DCD3A500F3D6A9 /* DepressionSeventhViewController.swift */ = {isa = PBXFileReference; lastKnownFileType = sourcecode.swift; path = DepressionSeventhViewController.swift; sourceTree = "<group>"; };
		3F9D000822DCD6A200F3D6A9 /* AnxietyFifthViewController.swift */ = {isa = PBXFileReference; lastKnownFileType = sourcecode.swift; path = AnxietyFifthViewController.swift; sourceTree = "<group>"; };
		3F9D000A22DCD70000F3D6A9 /* AnxietySixthViewController.swift */ = {isa = PBXFileReference; lastKnownFileType = sourcecode.swift; path = AnxietySixthViewController.swift; sourceTree = "<group>"; };
		3F9D000C22DCD75300F3D6A9 /* AnxietySeventhViewController.swift */ = {isa = PBXFileReference; lastKnownFileType = sourcecode.swift; path = AnxietySeventhViewController.swift; sourceTree = "<group>"; };
		3F9D000E22DCDF6900F3D6A9 /* StressFifthViewController.swift */ = {isa = PBXFileReference; lastKnownFileType = sourcecode.swift; path = StressFifthViewController.swift; sourceTree = "<group>"; };
		3F9D001022DCE0A900F3D6A9 /* StressSixthViewController.swift */ = {isa = PBXFileReference; lastKnownFileType = sourcecode.swift; path = StressSixthViewController.swift; sourceTree = "<group>"; };
		3F9D001222DCE0E500F3D6A9 /* StressSeventhViewController.swift */ = {isa = PBXFileReference; lastKnownFileType = sourcecode.swift; path = StressSeventhViewController.swift; sourceTree = "<group>"; };
		3FAB2BAA22E60BD900589DC5 /* StressLoadingViewController.swift */ = {isa = PBXFileReference; lastKnownFileType = sourcecode.swift; path = StressLoadingViewController.swift; sourceTree = "<group>"; };
		3FAB2BAC22E60CC000589DC5 /* AnxietyLoadingViewController.swift */ = {isa = PBXFileReference; lastKnownFileType = sourcecode.swift; path = AnxietyLoadingViewController.swift; sourceTree = "<group>"; };
		3FAB2BAE22E60D3200589DC5 /* DepressionLoadingViewController.swift */ = {isa = PBXFileReference; lastKnownFileType = sourcecode.swift; path = DepressionLoadingViewController.swift; sourceTree = "<group>"; };
		3FB8BE8F22DE14F0005C5400 /* StressAnswerViewController.swift */ = {isa = PBXFileReference; lastKnownFileType = sourcecode.swift; path = StressAnswerViewController.swift; sourceTree = "<group>"; };
		3FB8BE9122DE1545005C5400 /* StressAnswer2ViewController.swift */ = {isa = PBXFileReference; lastKnownFileType = sourcecode.swift; path = StressAnswer2ViewController.swift; sourceTree = "<group>"; };
		3FB8BE9322DE1590005C5400 /* StressAnswer3ViewController.swift */ = {isa = PBXFileReference; lastKnownFileType = sourcecode.swift; path = StressAnswer3ViewController.swift; sourceTree = "<group>"; };
		3FB8BE9522DE15CB005C5400 /* StressAnswer4ViewController.swift */ = {isa = PBXFileReference; lastKnownFileType = sourcecode.swift; path = StressAnswer4ViewController.swift; sourceTree = "<group>"; };
		3FB8BE9722DE1609005C5400 /* StressAnswer5ViewController.swift */ = {isa = PBXFileReference; lastKnownFileType = sourcecode.swift; path = StressAnswer5ViewController.swift; sourceTree = "<group>"; };
		3FB8BE9922DE1658005C5400 /* StressAnswer6ViewController.swift */ = {isa = PBXFileReference; lastKnownFileType = sourcecode.swift; path = StressAnswer6ViewController.swift; sourceTree = "<group>"; };
		3FB8BE9B22DE168C005C5400 /* StressAnswer7ViewController.swift */ = {isa = PBXFileReference; lastKnownFileType = sourcecode.swift; path = StressAnswer7ViewController.swift; sourceTree = "<group>"; };
		3FB8BE9D22DE16E8005C5400 /* AnxietyAnswerViewController.swift */ = {isa = PBXFileReference; lastKnownFileType = sourcecode.swift; path = AnxietyAnswerViewController.swift; sourceTree = "<group>"; };
		3FB8BE9F22DE1721005C5400 /* AnxietyAnswer2ViewController.swift */ = {isa = PBXFileReference; lastKnownFileType = sourcecode.swift; path = AnxietyAnswer2ViewController.swift; sourceTree = "<group>"; };
		3FB8BEA122DE1753005C5400 /* AnxietyAnswer3ViewController.swift */ = {isa = PBXFileReference; lastKnownFileType = sourcecode.swift; path = AnxietyAnswer3ViewController.swift; sourceTree = "<group>"; };
		3FB8BEA322DE1788005C5400 /* AnxietyAnswer4ViewController.swift */ = {isa = PBXFileReference; lastKnownFileType = sourcecode.swift; path = AnxietyAnswer4ViewController.swift; sourceTree = "<group>"; };
		3FB8BEA522DE17A4005C5400 /* AnxietyAnswer5ViewController.swift */ = {isa = PBXFileReference; lastKnownFileType = sourcecode.swift; path = AnxietyAnswer5ViewController.swift; sourceTree = "<group>"; };
		3FB8BEA722DE17D6005C5400 /* AnxietyAnswer6ViewController.swift */ = {isa = PBXFileReference; lastKnownFileType = sourcecode.swift; path = AnxietyAnswer6ViewController.swift; sourceTree = "<group>"; };
		3FB8BEAB22DE1896005C5400 /* DepressionAnswerViewController.swift */ = {isa = PBXFileReference; lastKnownFileType = sourcecode.swift; path = DepressionAnswerViewController.swift; sourceTree = "<group>"; };
		3FB8BEAD22DE18B9005C5400 /* DepressionAnswer2ViewController.swift */ = {isa = PBXFileReference; lastKnownFileType = sourcecode.swift; path = DepressionAnswer2ViewController.swift; sourceTree = "<group>"; };
		3FB8BEAF22DE18D6005C5400 /* DepressionAnswer3ViewController.swift */ = {isa = PBXFileReference; lastKnownFileType = sourcecode.swift; path = DepressionAnswer3ViewController.swift; sourceTree = "<group>"; };
		3FB8BEB122DE18E8005C5400 /* DepressionAnswer4ViewController.swift */ = {isa = PBXFileReference; lastKnownFileType = sourcecode.swift; path = DepressionAnswer4ViewController.swift; sourceTree = "<group>"; };
		3FB8BEB322DE18FE005C5400 /* DepressionAnswer5ViewController.swift */ = {isa = PBXFileReference; lastKnownFileType = sourcecode.swift; path = DepressionAnswer5ViewController.swift; sourceTree = "<group>"; };
		3FB8BEB522DE191A005C5400 /* DepressionAnswer6ViewController.swift */ = {isa = PBXFileReference; lastKnownFileType = sourcecode.swift; path = DepressionAnswer6ViewController.swift; sourceTree = "<group>"; };
		3FB8BEB722DE193A005C5400 /* DepressionAnswer7ViewController.swift */ = {isa = PBXFileReference; lastKnownFileType = sourcecode.swift; path = DepressionAnswer7ViewController.swift; sourceTree = "<group>"; };
		3FB8BEB922DE2519005C5400 /* EmergencyViewController.swift */ = {isa = PBXFileReference; lastKnownFileType = sourcecode.swift; path = EmergencyViewController.swift; sourceTree = "<group>"; };
		3FB8BEBC22DE39CA005C5400 /* headache.jpg */ = {isa = PBXFileReference; lastKnownFileType = image.jpeg; name = headache.jpg; path = Pictures/headache.jpg; sourceTree = SOURCE_ROOT; };
		3FB8BEBE22DE3B1C005C5400 /* lotsOfWork.jpg */ = {isa = PBXFileReference; lastKnownFileType = image.jpeg; name = lotsOfWork.jpg; path = Pictures/lotsOfWork.jpg; sourceTree = SOURCE_ROOT; };
		3FB8BEC022DE3B96005C5400 /* overwhelmed.jpg */ = {isa = PBXFileReference; lastKnownFileType = image.jpeg; name = overwhelmed.jpg; path = Pictures/overwhelmed.jpg; sourceTree = SOURCE_ROOT; };
		3FB8BEC222DE3BC0005C5400 /* stomachache.jpg */ = {isa = PBXFileReference; lastKnownFileType = image.jpeg; name = stomachache.jpg; path = Pictures/stomachache.jpg; sourceTree = SOURCE_ROOT; };
		3FB8BEC422DE3C1D005C5400 /* tired.jpg */ = {isa = PBXFileReference; lastKnownFileType = image.jpeg; name = tired.jpg; path = Pictures/tired.jpg; sourceTree = SOURCE_ROOT; };
		3FB8BEC622DE3D5E005C5400 /* fatigue.jp2 */ = {isa = PBXFileReference; lastKnownFileType = file; name = fatigue.jp2; path = Pictures/fatigue.jp2; sourceTree = SOURCE_ROOT; };
		3FB8BEC722DE3E4C005C5400 /* safe.png */ = {isa = PBXFileReference; lastKnownFileType = image.png; name = safe.png; path = Pictures/safe.png; sourceTree = SOURCE_ROOT; };
		3FB8BEC922DE3ED4005C5400 /* fatigued.jpg */ = {isa = PBXFileReference; lastKnownFileType = image.jpeg; name = fatigued.jpg; path = Pictures/fatigued.jpg; sourceTree = SOURCE_ROOT; };
		3FC0D9EC22E75F2F00E514F6 /* TestingAnswersViewController.swift */ = {isa = PBXFileReference; lastKnownFileType = sourcecode.swift; path = TestingAnswersViewController.swift; sourceTree = "<group>"; };
		3FCDC6A222D6293300433AAB /* S.O.S.app */ = {isa = PBXFileReference; explicitFileType = wrapper.application; includeInIndex = 0; path = S.O.S.app; sourceTree = BUILT_PRODUCTS_DIR; };
		3FCDC6A522D6293300433AAB /* AppDelegate.swift */ = {isa = PBXFileReference; lastKnownFileType = sourcecode.swift; path = AppDelegate.swift; sourceTree = "<group>"; };
		3FCDC6A722D6293300433AAB /* ViewController.swift */ = {isa = PBXFileReference; lastKnownFileType = sourcecode.swift; path = ViewController.swift; sourceTree = "<group>"; };
		3FCDC6AA22D6293300433AAB /* Base */ = {isa = PBXFileReference; lastKnownFileType = file.storyboard; name = Base; path = Base.lproj/Main.storyboard; sourceTree = "<group>"; };
		3FCDC6AC22D6293500433AAB /* Assets.xcassets */ = {isa = PBXFileReference; lastKnownFileType = folder.assetcatalog; path = Assets.xcassets; sourceTree = "<group>"; };
		3FCDC6AF22D6293500433AAB /* Base */ = {isa = PBXFileReference; lastKnownFileType = file.storyboard; name = Base; path = Base.lproj/LaunchScreen.storyboard; sourceTree = "<group>"; };
		3FCDC6B122D6293500433AAB /* Info.plist */ = {isa = PBXFileReference; lastKnownFileType = text.plist.xml; path = Info.plist; sourceTree = "<group>"; };
		3FCDC6B622D6293500433AAB /* S.O.STests.xctest */ = {isa = PBXFileReference; explicitFileType = wrapper.cfbundle; includeInIndex = 0; path = S.O.STests.xctest; sourceTree = BUILT_PRODUCTS_DIR; };
		3FCDC6BA22D6293500433AAB /* S_O_STests.swift */ = {isa = PBXFileReference; lastKnownFileType = sourcecode.swift; path = S_O_STests.swift; sourceTree = "<group>"; };
		3FCDC6BC22D6293500433AAB /* Info.plist */ = {isa = PBXFileReference; lastKnownFileType = text.plist.xml; path = Info.plist; sourceTree = "<group>"; };
		3FCDC6C122D6293500433AAB /* S.O.SUITests.xctest */ = {isa = PBXFileReference; explicitFileType = wrapper.cfbundle; includeInIndex = 0; path = S.O.SUITests.xctest; sourceTree = BUILT_PRODUCTS_DIR; };
		3FCDC6C522D6293500433AAB /* S_O_SUITests.swift */ = {isa = PBXFileReference; lastKnownFileType = sourcecode.swift; path = S_O_SUITests.swift; sourceTree = "<group>"; };
		3FCDC6C722D6293500433AAB /* Info.plist */ = {isa = PBXFileReference; lastKnownFileType = text.plist.xml; path = Info.plist; sourceTree = "<group>"; };
		3FCDC6D322D62AF100433AAB /* Unknown.png */ = {isa = PBXFileReference; lastKnownFileType = image.png; path = Unknown.png; sourceTree = "<group>"; };
		3FCDC6D722D62D1400433AAB /* green.jpg */ = {isa = PBXFileReference; lastKnownFileType = image.jpeg; path = green.jpg; sourceTree = "<group>"; };
		3FCDC6D922D62D7400433AAB /* Blue-Rectangle.png */ = {isa = PBXFileReference; lastKnownFileType = image.png; path = "Blue-Rectangle.png"; sourceTree = "<group>"; };
		3FCDC6DB22D62D7800433AAB /* 1325787.gif */ = {isa = PBXFileReference; lastKnownFileType = image.gif; path = 1325787.gif; sourceTree = "<group>"; };
		3FCDC6DD22D630A000433AAB /* Paragon.png */ = {isa = PBXFileReference; lastKnownFileType = image.png; path = Paragon.png; sourceTree = "<group>"; };
		3FCDC6E122D6329100433AAB /* AnxietyViewController.swift */ = {isa = PBXFileReference; lastKnownFileType = sourcecode.swift; path = AnxietyViewController.swift; sourceTree = "<group>"; };
		3FCDC6E322D632C700433AAB /* DepressionViewController.swift */ = {isa = PBXFileReference; lastKnownFileType = sourcecode.swift; path = DepressionViewController.swift; sourceTree = "<group>"; };
		3FCDC6E522D6331200433AAB /* StressViewController.swift */ = {isa = PBXFileReference; lastKnownFileType = sourcecode.swift; path = StressViewController.swift; sourceTree = "<group>"; };
		3FCDC6E722D657EB00433AAB /* StressSecondViewController.swift */ = {isa = PBXFileReference; lastKnownFileType = sourcecode.swift; path = StressSecondViewController.swift; sourceTree = "<group>"; };
		3FCDC6E922D6582800433AAB /* StressThirdViewController.swift */ = {isa = PBXFileReference; lastKnownFileType = sourcecode.swift; path = StressThirdViewController.swift; sourceTree = "<group>"; };
		3FCDC6EB22D6583C00433AAB /* StressFourthViewController.swift */ = {isa = PBXFileReference; lastKnownFileType = sourcecode.swift; path = StressFourthViewController.swift; sourceTree = "<group>"; };
		3FCDC6ED22D6589C00433AAB /* AnxietySecondViewController.swift */ = {isa = PBXFileReference; lastKnownFileType = sourcecode.swift; path = AnxietySecondViewController.swift; sourceTree = "<group>"; };
		3FCDC6EF22D658FE00433AAB /* AnxietyThirdViewController.swift */ = {isa = PBXFileReference; lastKnownFileType = sourcecode.swift; path = AnxietyThirdViewController.swift; sourceTree = "<group>"; };
		3FCDC6F122D6591000433AAB /* AnxietyFourthViewController.swift */ = {isa = PBXFileReference; lastKnownFileType = sourcecode.swift; path = AnxietyFourthViewController.swift; sourceTree = "<group>"; };
		3FCDC6F322D6595A00433AAB /* DepressionSecondViewController.swift */ = {isa = PBXFileReference; lastKnownFileType = sourcecode.swift; path = DepressionSecondViewController.swift; sourceTree = "<group>"; };
		3FCDC6F522D6596F00433AAB /* DepressionThirdViewController.swift */ = {isa = PBXFileReference; lastKnownFileType = sourcecode.swift; path = DepressionThirdViewController.swift; sourceTree = "<group>"; };
		3FCDC6F722D6599D00433AAB /* DepressionFourthViewController.swift */ = {isa = PBXFileReference; lastKnownFileType = sourcecode.swift; path = DepressionFourthViewController.swift; sourceTree = "<group>"; };
/* End PBXFileReference section */

/* Begin PBXFrameworksBuildPhase section */
		3FCDC69F22D6293300433AAB /* Frameworks */ = {
			isa = PBXFrameworksBuildPhase;
			buildActionMask = 2147483647;
			files = (
			);
			runOnlyForDeploymentPostprocessing = 0;
		};
		3FCDC6B322D6293500433AAB /* Frameworks */ = {
			isa = PBXFrameworksBuildPhase;
			buildActionMask = 2147483647;
			files = (
			);
			runOnlyForDeploymentPostprocessing = 0;
		};
		3FCDC6BE22D6293500433AAB /* Frameworks */ = {
			isa = PBXFrameworksBuildPhase;
			buildActionMask = 2147483647;
			files = (
			);
			runOnlyForDeploymentPostprocessing = 0;
		};
/* End PBXFrameworksBuildPhase section */

/* Begin PBXGroup section */
		3FCDC69922D6293300433AAB = {
			isa = PBXGroup;
			children = (
				3FC0D9EC22E75F2F00E514F6 /* TestingAnswersViewController.swift */,
				3FB8BE9122DE1545005C5400 /* StressAnswer2ViewController.swift */,
				3FB8BE8F22DE14F0005C5400 /* StressAnswerViewController.swift */,
				3FCDC6E722D657EB00433AAB /* StressSecondViewController.swift */,
				3FCDC6A422D6293300433AAB /* S.O.S */,
				3FCDC6B922D6293500433AAB /* S.O.STests */,
				3FCDC6C422D6293500433AAB /* S.O.SUITests */,
				3FCDC6A322D6293300433AAB /* Products */,
				C45E75FA22F342C600234448 /* Recovered References */,
			);
			sourceTree = "<group>";
		};
		3FCDC6A322D6293300433AAB /* Products */ = {
			isa = PBXGroup;
			children = (
				3FCDC6A222D6293300433AAB /* S.O.S.app */,
				3FCDC6B622D6293500433AAB /* S.O.STests.xctest */,
				3FCDC6C122D6293500433AAB /* S.O.SUITests.xctest */,
			);
			name = Products;
			sourceTree = "<group>";
		};
		3FCDC6A422D6293300433AAB /* S.O.S */ = {
			isa = PBXGroup;
			children = (
				3F07FAE222E0CE4400495874 /* beingOutside.jpg */,
				3F07FAE022E0CCC900495874 /* think.jpg */,
				3FCDC6DB22D62D7800433AAB /* 1325787.gif */,
				3FCDC6DD22D630A000433AAB /* Paragon.png */,
				3FCDC6D922D62D7400433AAB /* Blue-Rectangle.png */,
				3FCDC6D722D62D1400433AAB /* green.jpg */,
				3FCDC6D322D62AF100433AAB /* Unknown.png */,
				3FCDC6A522D6293300433AAB /* AppDelegate.swift */,
				3FCDC6A722D6293300433AAB /* ViewController.swift */,
				3FCDC6A922D6293300433AAB /* Main.storyboard */,
				3F8FDA5022EF5BD90099D5BF /* StressAnswersViewController.swift */,
				3F8FDA4E22EF5B630099D5BF /* DepressionAnswersViewController.swift */,
				3FAB2BAE22E60D3200589DC5 /* DepressionLoadingViewController.swift */,
				3FAB2BAC22E60CC000589DC5 /* AnxietyLoadingViewController.swift */,
				3FAB2BAA22E60BD900589DC5 /* StressLoadingViewController.swift */,
				3FB8BEB922DE2519005C5400 /* EmergencyViewController.swift */,
				3FB8BEB722DE193A005C5400 /* DepressionAnswer7ViewController.swift */,
				3FB8BEB522DE191A005C5400 /* DepressionAnswer6ViewController.swift */,
				3FB8BEB322DE18FE005C5400 /* DepressionAnswer5ViewController.swift */,
				3FB8BEB122DE18E8005C5400 /* DepressionAnswer4ViewController.swift */,
				3FB8BEAF22DE18D6005C5400 /* DepressionAnswer3ViewController.swift */,
				3FB8BEAD22DE18B9005C5400 /* DepressionAnswer2ViewController.swift */,
				3FB8BEAB22DE1896005C5400 /* DepressionAnswerViewController.swift */,
				3FB8BEA722DE17D6005C5400 /* AnxietyAnswer6ViewController.swift */,
				3FB8BEA522DE17A4005C5400 /* AnxietyAnswer5ViewController.swift */,
				3FB8BEA322DE1788005C5400 /* AnxietyAnswer4ViewController.swift */,
				3FB8BEA122DE1753005C5400 /* AnxietyAnswer3ViewController.swift */,
				3FB8BE9F22DE1721005C5400 /* AnxietyAnswer2ViewController.swift */,
				3FB8BE9D22DE16E8005C5400 /* AnxietyAnswerViewController.swift */,
				3FB8BE9B22DE168C005C5400 /* StressAnswer7ViewController.swift */,
				3FB8BE9922DE1658005C5400 /* StressAnswer6ViewController.swift */,
				3FB8BE9722DE1609005C5400 /* StressAnswer5ViewController.swift */,
				3FB8BE9522DE15CB005C5400 /* StressAnswer4ViewController.swift */,
				3FB8BE9322DE1590005C5400 /* StressAnswer3ViewController.swift */,
				3F9D001222DCE0E500F3D6A9 /* StressSeventhViewController.swift */,
				3F9D001022DCE0A900F3D6A9 /* StressSixthViewController.swift */,
				3F9D000E22DCDF6900F3D6A9 /* StressFifthViewController.swift */,
				3F9D000C22DCD75300F3D6A9 /* AnxietySeventhViewController.swift */,
				3F9D000A22DCD70000F3D6A9 /* AnxietySixthViewController.swift */,
				3F9D000822DCD6A200F3D6A9 /* AnxietyFifthViewController.swift */,
				3F9D000622DCD3A500F3D6A9 /* DepressionSeventhViewController.swift */,
				3F9D000422DCD36400F3D6A9 /* DepressionSixthViewController.swift */,
				3F9D000222DCD29D00F3D6A9 /* Depression Fifth ViewController.swift */,
				3FCDC6F322D6595A00433AAB /* DepressionSecondViewController.swift */,
				3FCDC6F522D6596F00433AAB /* DepressionThirdViewController.swift */,
				3FCDC6F722D6599D00433AAB /* DepressionFourthViewController.swift */,
				3FCDC6EF22D658FE00433AAB /* AnxietyThirdViewController.swift */,
				3FCDC6F122D6591000433AAB /* AnxietyFourthViewController.swift */,
				3FCDC6ED22D6589C00433AAB /* AnxietySecondViewController.swift */,
				3FCDC6E922D6582800433AAB /* StressThirdViewController.swift */,
				3FCDC6EB22D6583C00433AAB /* StressFourthViewController.swift */,
				3FCDC6E322D632C700433AAB /* DepressionViewController.swift */,
				3FCDC6E122D6329100433AAB /* AnxietyViewController.swift */,
				3FCDC6E522D6331200433AAB /* StressViewController.swift */,
				3FCDC6AC22D6293500433AAB /* Assets.xcassets */,
				3F07FADC22E0CCAB00495874 /* activitiesThatAreOfInterest.jpg */,
				3F07FADA22E0CC7A00495874 /* healthyDiet.jpg */,
				3F07FAD822E0CC7200495874 /* exercise2.jpg */,
				3F07FAD622E0CC6300495874 /* groupOfFriends.jpg */,
				3F07FAD422E0CC5600495874 /* prescriptionMedication.jpg */,
				3F07FAD222E0C61200495874 /* reckless.jpg */,
				3F07FAD022E0C60200495874 /* lossOfEnergy.jpg */,
				3F07FACE22E0C5FD00495874 /* lossOfInterest.jpg */,
				3F07FACC22E0C5F200495874 /* suicide.png */,
				3F07FACA22E0C5E700495874 /* medication.jpg */,
				3F07FAC822E0C5D800495874 /* feelingImportant.jpg */,
				3F07FAC622E0C5D100495874 /* hopeless.jpg */,
				3F07FAC422E0C17F00495874 /* writing.jpg */,
				3F07FAC222E0C17100495874 /* calm.jpg */,
				3F07FAC022E0C16300495874 /* movement.jpg */,
				3F07FABE22E0C15400495874 /* rememberingThePresent.jpg */,
				3F07FABC22E0C14900495874 /* listeningToMusic2.jpg */,
				3F07FABA22E0C14000495874 /* breathingExercise.jpg */,
				3F07FAB822E0BDC200495874 /* lackOfConcentration.jpg */,
				3F07FAB622E0BDBC00495874 /* irritated.jpg */,
				3F07FAB422E0BDB100495874 /* restless.jpg */,
				3F07FAB222E0BD9800495874 /* family2.jpg */,
				3F07FAB022E0BD8800495874 /* fear.jpg */,
				3F07FAAE22E0BD7700495874 /* worry.jpg */,
				3F07FAAC22E0BD6300495874 /* panicAttack.jpg */,
				3F07FAAA22E0B89F00495874 /* illegalDrugs.jpg */,
				3F07FAA822E0B89400495874 /* sleep.jpg */,
				3F07FAA622E0B88400495874 /* exercise.jpg */,
				3F07FAA422E0B87400495874 /* time.jpg */,
				3F07FAA222E0B86300495874 /* listeningToMusic.jpg */,
				3F07FAA022E0B85900495874 /* meditate.jpg */,
				3F07FA9E22E0B84D00495874 /* rest.jpg */,
				3FB8BEC922DE3ED4005C5400 /* fatigued.jpg */,
				3FB8BEC722DE3E4C005C5400 /* safe.png */,
				3FB8BEC622DE3D5E005C5400 /* fatigue.jp2 */,
				3FB8BEC422DE3C1D005C5400 /* tired.jpg */,
				3FB8BEC222DE3BC0005C5400 /* stomachache.jpg */,
				3FB8BEC022DE3B96005C5400 /* overwhelmed.jpg */,
				3FB8BEBE22DE3B1C005C5400 /* lotsOfWork.jpg */,
				3FB8BEBC22DE39CA005C5400 /* headache.jpg */,
				3FCDC6AE22D6293500433AAB /* LaunchScreen.storyboard */,
				3FCDC6B122D6293500433AAB /* Info.plist */,
			);
			path = S.O.S;
			sourceTree = "<group>";
		};
		3FCDC6B922D6293500433AAB /* S.O.STests */ = {
			isa = PBXGroup;
			children = (
				3FCDC6BA22D6293500433AAB /* S_O_STests.swift */,
				3FCDC6BC22D6293500433AAB /* Info.plist */,
			);
			path = S.O.STests;
			sourceTree = "<group>";
		};
		3FCDC6C422D6293500433AAB /* S.O.SUITests */ = {
			isa = PBXGroup;
			children = (
				3FCDC6C522D6293500433AAB /* S_O_SUITests.swift */,
				3FCDC6C722D6293500433AAB /* Info.plist */,
			);
			path = S.O.SUITests;
			sourceTree = "<group>";
		};
		C45E75FA22F342C600234448 /* Recovered References */ = {
			isa = PBXGroup;
			children = (
				3F07FADE22E0CCBF00495874 /* listeningToMusic2.jpg */,
			);
			name = "Recovered References";
			sourceTree = "<group>";
		};
/* End PBXGroup section */

/* Begin PBXNativeTarget section */
		3FCDC6A122D6293300433AAB /* S.O.S */ = {
			isa = PBXNativeTarget;
			buildConfigurationList = 3FCDC6CA22D6293500433AAB /* Build configuration list for PBXNativeTarget "S.O.S" */;
			buildPhases = (
				3FCDC69E22D6293300433AAB /* Sources */,
				3FCDC69F22D6293300433AAB /* Frameworks */,
				3FCDC6A022D6293300433AAB /* Resources */,
			);
			buildRules = (
			);
			dependencies = (
			);
			name = S.O.S;
			productName = S.O.S;
			productReference = 3FCDC6A222D6293300433AAB /* S.O.S.app */;
			productType = "com.apple.product-type.application";
		};
		3FCDC6B522D6293500433AAB /* S.O.STests */ = {
			isa = PBXNativeTarget;
			buildConfigurationList = 3FCDC6CD22D6293500433AAB /* Build configuration list for PBXNativeTarget "S.O.STests" */;
			buildPhases = (
				3FCDC6B222D6293500433AAB /* Sources */,
				3FCDC6B322D6293500433AAB /* Frameworks */,
				3FCDC6B422D6293500433AAB /* Resources */,
			);
			buildRules = (
			);
			dependencies = (
				3FCDC6B822D6293500433AAB /* PBXTargetDependency */,
			);
			name = S.O.STests;
			productName = S.O.STests;
			productReference = 3FCDC6B622D6293500433AAB /* S.O.STests.xctest */;
			productType = "com.apple.product-type.bundle.unit-test";
		};
		3FCDC6C022D6293500433AAB /* S.O.SUITests */ = {
			isa = PBXNativeTarget;
			buildConfigurationList = 3FCDC6D022D6293500433AAB /* Build configuration list for PBXNativeTarget "S.O.SUITests" */;
			buildPhases = (
				3FCDC6BD22D6293500433AAB /* Sources */,
				3FCDC6BE22D6293500433AAB /* Frameworks */,
				3FCDC6BF22D6293500433AAB /* Resources */,
			);
			buildRules = (
			);
			dependencies = (
				3FCDC6C322D6293500433AAB /* PBXTargetDependency */,
			);
			name = S.O.SUITests;
			productName = S.O.SUITests;
			productReference = 3FCDC6C122D6293500433AAB /* S.O.SUITests.xctest */;
			productType = "com.apple.product-type.bundle.ui-testing";
		};
/* End PBXNativeTarget section */

/* Begin PBXProject section */
		3FCDC69A22D6293300433AAB /* Project object */ = {
			isa = PBXProject;
			attributes = {
				LastSwiftUpdateCheck = 1010;
				LastUpgradeCheck = 1010;
				ORGANIZATIONNAME = student;
				TargetAttributes = {
					3FCDC6A122D6293300433AAB = {
						CreatedOnToolsVersion = 10.1;
					};
					3FCDC6B522D6293500433AAB = {
						CreatedOnToolsVersion = 10.1;
						TestTargetID = 3FCDC6A122D6293300433AAB;
					};
					3FCDC6C022D6293500433AAB = {
						CreatedOnToolsVersion = 10.1;
						TestTargetID = 3FCDC6A122D6293300433AAB;
					};
				};
			};
			buildConfigurationList = 3FCDC69D22D6293300433AAB /* Build configuration list for PBXProject "S.O.S" */;
			compatibilityVersion = "Xcode 9.3";
			developmentRegion = en;
			hasScannedForEncodings = 0;
			knownRegions = (
				en,
				Base,
			);
			mainGroup = 3FCDC69922D6293300433AAB;
			productRefGroup = 3FCDC6A322D6293300433AAB /* Products */;
			projectDirPath = "";
			projectRoot = "";
			targets = (
				3FCDC6A122D6293300433AAB /* S.O.S */,
				3FCDC6B522D6293500433AAB /* S.O.STests */,
				3FCDC6C022D6293500433AAB /* S.O.SUITests */,
			);
		};
/* End PBXProject section */

/* Begin PBXResourcesBuildPhase section */
		3FCDC6A022D6293300433AAB /* Resources */ = {
			isa = PBXResourcesBuildPhase;
			buildActionMask = 2147483647;
			files = (
				3F07FACD22E0C5F400495874 /* suicide.png in Resources */,
				3F07FAB722E0BDBD00495874 /* irritated.jpg in Resources */,
				3FB8BEC822DE3E4D005C5400 /* safe.png in Resources */,
				3FCDC6DC22D62D7900433AAB /* 1325787.gif in Resources */,
				3FCDC6DE22D630A000433AAB /* Paragon.png in Resources */,
				3FCDC6DA22D62D7500433AAB /* Blue-Rectangle.png in Resources */,
				3F07FAAD22E0BD6500495874 /* panicAttack.jpg in Resources */,
				3F07FADF22E0CCBF00495874 /* listeningToMusic2.jpg in Resources */,
				3FB8BEBD22DE39CA005C5400 /* headache.jpg in Resources */,
				3F07FA9F22E0B84E00495874 /* rest.jpg in Resources */,
				3F07FAA122E0B85A00495874 /* meditate.jpg in Resources */,
				3F07FAA922E0B89600495874 /* sleep.jpg in Resources */,
				3F07FABB22E0C14200495874 /* breathingExercise.jpg in Resources */,
				3F07FAA522E0B87500495874 /* time.jpg in Resources */,
				3F07FACF22E0C5FF00495874 /* lossOfInterest.jpg in Resources */,
				3FB8BEC122DE3B97005C5400 /* overwhelmed.jpg in Resources */,
				3F07FAB522E0BDB200495874 /* restless.jpg in Resources */,
				3F07FADD22E0CCAD00495874 /* activitiesThatAreOfInterest.jpg in Resources */,
				3F07FACB22E0C5E900495874 /* medication.jpg in Resources */,
				3F07FAC122E0C16600495874 /* movement.jpg in Resources */,
				3F07FAB122E0BD8900495874 /* fear.jpg in Resources */,
				3F07FAD122E0C60400495874 /* lossOfEnergy.jpg in Resources */,
				3F07FAAB22E0B8A000495874 /* illegalDrugs.jpg in Resources */,
				3F07FAE322E0CE4700495874 /* beingOutside.jpg in Resources */,
				3F07FAA322E0B86400495874 /* listeningToMusic.jpg in Resources */,
				3FCDC6B022D6293500433AAB /* LaunchScreen.storyboard in Resources */,
				3F07FAD322E0C61400495874 /* reckless.jpg in Resources */,
				3F07FAC522E0C18000495874 /* writing.jpg in Resources */,
				3F07FAA722E0B88500495874 /* exercise.jpg in Resources */,
				3F07FAC322E0C17200495874 /* calm.jpg in Resources */,
				3F07FAC922E0C5DA00495874 /* feelingImportant.jpg in Resources */,
				3F07FAD922E0CC7400495874 /* exercise2.jpg in Resources */,
				3F07FAC722E0C5D300495874 /* hopeless.jpg in Resources */,
				3F07FAE122E0CCCB00495874 /* think.jpg in Resources */,
				3FCDC6AD22D6293500433AAB /* Assets.xcassets in Resources */,
				3F07FAD722E0CC6500495874 /* groupOfFriends.jpg in Resources */,
				3FCDC6D422D62AF100433AAB /* Unknown.png in Resources */,
				3F07FAD522E0CC5800495874 /* prescriptionMedication.jpg in Resources */,
				3FB8BEBF22DE3B1D005C5400 /* lotsOfWork.jpg in Resources */,
				3FB8BECA22DE3ED5005C5400 /* fatigued.jpg in Resources */,
				3F07FABF22E0C15500495874 /* rememberingThePresent.jpg in Resources */,
				3F07FAAF22E0BD7800495874 /* worry.jpg in Resources */,
				3FCDC6D822D62D1400433AAB /* green.jpg in Resources */,
				3FB8BEC522DE3C1F005C5400 /* tired.jpg in Resources */,
				3FB8BEC322DE3BC2005C5400 /* stomachache.jpg in Resources */,
				3F07FADB22E0CC7C00495874 /* healthyDiet.jpg in Resources */,
				3F07FABD22E0C14B00495874 /* listeningToMusic2.jpg in Resources */,
				3F07FAB922E0BDC300495874 /* lackOfConcentration.jpg in Resources */,
				3F07FAB322E0BD9900495874 /* family2.jpg in Resources */,
				3FCDC6AB22D6293300433AAB /* Main.storyboard in Resources */,
			);
			runOnlyForDeploymentPostprocessing = 0;
		};
		3FCDC6B422D6293500433AAB /* Resources */ = {
			isa = PBXResourcesBuildPhase;
			buildActionMask = 2147483647;
			files = (
			);
			runOnlyForDeploymentPostprocessing = 0;
		};
		3FCDC6BF22D6293500433AAB /* Resources */ = {
			isa = PBXResourcesBuildPhase;
			buildActionMask = 2147483647;
			files = (
			);
			runOnlyForDeploymentPostprocessing = 0;
		};
/* End PBXResourcesBuildPhase section */

/* Begin PBXSourcesBuildPhase section */
		3FCDC69E22D6293300433AAB /* Sources */ = {
			isa = PBXSourcesBuildPhase;
			buildActionMask = 2147483647;
			files = (
				3FAB2BAF22E60D3200589DC5 /* DepressionLoadingViewController.swift in Sources */,
				3FC0D9ED22E75F2F00E514F6 /* TestingAnswersViewController.swift in Sources */,
				3FB8BEA822DE17D6005C5400 /* AnxietyAnswer6ViewController.swift in Sources */,
				3FB8BEA022DE1721005C5400 /* AnxietyAnswer2ViewController.swift in Sources */,
				3FB8BEA222DE1753005C5400 /* AnxietyAnswer3ViewController.swift in Sources */,
				3FB8BE9822DE1609005C5400 /* StressAnswer5ViewController.swift in Sources */,
				3FB8BEAC22DE1896005C5400 /* DepressionAnswerViewController.swift in Sources */,
				3FCDC6F222D6591000433AAB /* AnxietyFourthViewController.swift in Sources */,
				3FB8BEB022DE18D6005C5400 /* DepressionAnswer3ViewController.swift in Sources */,
				3FB8BE9A22DE1658005C5400 /* StressAnswer6ViewController.swift in Sources */,
				3F9D000522DCD36400F3D6A9 /* DepressionSixthViewController.swift in Sources */,
				3FB8BE9622DE15CB005C5400 /* StressAnswer4ViewController.swift in Sources */,
				3FB8BEBA22DE2519005C5400 /* EmergencyViewController.swift in Sources */,
				3F9D000922DCD6A200F3D6A9 /* AnxietyFifthViewController.swift in Sources */,
				3F9D001122DCE0A900F3D6A9 /* StressSixthViewController.swift in Sources */,
				3FB8BEB222DE18E8005C5400 /* DepressionAnswer4ViewController.swift in Sources */,
				3FB8BE9022DE14F0005C5400 /* StressAnswerViewController.swift in Sources */,
				3F9D000D22DCD75300F3D6A9 /* AnxietySeventhViewController.swift in Sources */,
				3FB8BEB422DE18FE005C5400 /* DepressionAnswer5ViewController.swift in Sources */,
				3FCDC6F022D658FE00433AAB /* AnxietyThirdViewController.swift in Sources */,
				3FCDC6EA22D6582800433AAB /* StressThirdViewController.swift in Sources */,
				3FB8BE9422DE1590005C5400 /* StressAnswer3ViewController.swift in Sources */,
				3FB8BEAE22DE18B9005C5400 /* DepressionAnswer2ViewController.swift in Sources */,
				3FCDC6A822D6293300433AAB /* ViewController.swift in Sources */,
				3F9D000322DCD29D00F3D6A9 /* Depression Fifth ViewController.swift in Sources */,
				3FB8BEA422DE1788005C5400 /* AnxietyAnswer4ViewController.swift in Sources */,
				3FCDC6A622D6293300433AAB /* AppDelegate.swift in Sources */,
				3FCDC6E422D632C700433AAB /* DepressionViewController.swift in Sources */,
				3FCDC6EC22D6583C00433AAB /* StressFourthViewController.swift in Sources */,
				3FCDC6EE22D6589C00433AAB /* AnxietySecondViewController.swift in Sources */,
				3FCDC6F622D6596F00433AAB /* DepressionThirdViewController.swift in Sources */,
				3FB8BEA622DE17A4005C5400 /* AnxietyAnswer5ViewController.swift in Sources */,
				3FB8BE9222DE1545005C5400 /* StressAnswer2ViewController.swift in Sources */,
				3FB8BE9C22DE168C005C5400 /* StressAnswer7ViewController.swift in Sources */,
				3F8FDA5122EF5BD90099D5BF /* StressAnswersViewController.swift in Sources */,
				3FCDC6E622D6331200433AAB /* StressViewController.swift in Sources */,
				3FCDC6F822D6599D00433AAB /* DepressionFourthViewController.swift in Sources */,
				3F9D001322DCE0E500F3D6A9 /* StressSeventhViewController.swift in Sources */,
				3F9D000722DCD3A500F3D6A9 /* DepressionSeventhViewController.swift in Sources */,
				3FB8BE9E22DE16E8005C5400 /* AnxietyAnswerViewController.swift in Sources */,
				3F9D000B22DCD70000F3D6A9 /* AnxietySixthViewController.swift in Sources */,
				3FCDC6E822D657EB00433AAB /* StressSecondViewController.swift in Sources */,
				3FCDC6F422D6595A00433AAB /* DepressionSecondViewController.swift in Sources */,
				3F8FDA4F22EF5B630099D5BF /* DepressionAnswersViewController.swift in Sources */,
				3F9D000F22DCDF6900F3D6A9 /* StressFifthViewController.swift in Sources */,
				3FB8BEB622DE191A005C5400 /* DepressionAnswer6ViewController.swift in Sources */,
				3FB8BEB822DE193A005C5400 /* DepressionAnswer7ViewController.swift in Sources */,
				3FCDC6E222D6329100433AAB /* AnxietyViewController.swift in Sources */,
				3FAB2BAD22E60CC000589DC5 /* AnxietyLoadingViewController.swift in Sources */,
				3FAB2BAB22E60BD900589DC5 /* StressLoadingViewController.swift in Sources */,
			);
			runOnlyForDeploymentPostprocessing = 0;
		};
		3FCDC6B222D6293500433AAB /* Sources */ = {
			isa = PBXSourcesBuildPhase;
			buildActionMask = 2147483647;
			files = (
				3FCDC6BB22D6293500433AAB /* S_O_STests.swift in Sources */,
			);
			runOnlyForDeploymentPostprocessing = 0;
		};
		3FCDC6BD22D6293500433AAB /* Sources */ = {
			isa = PBXSourcesBuildPhase;
			buildActionMask = 2147483647;
			files = (
				3FCDC6C622D6293500433AAB /* S_O_SUITests.swift in Sources */,
			);
			runOnlyForDeploymentPostprocessing = 0;
		};
/* End PBXSourcesBuildPhase section */

/* Begin PBXTargetDependency section */
		3FCDC6B822D6293500433AAB /* PBXTargetDependency */ = {
			isa = PBXTargetDependency;
			target = 3FCDC6A122D6293300433AAB /* S.O.S */;
			targetProxy = 3FCDC6B722D6293500433AAB /* PBXContainerItemProxy */;
		};
		3FCDC6C322D6293500433AAB /* PBXTargetDependency */ = {
			isa = PBXTargetDependency;
			target = 3FCDC6A122D6293300433AAB /* S.O.S */;
			targetProxy = 3FCDC6C222D6293500433AAB /* PBXContainerItemProxy */;
		};
/* End PBXTargetDependency section */

/* Begin PBXVariantGroup section */
		3FCDC6A922D6293300433AAB /* Main.storyboard */ = {
			isa = PBXVariantGroup;
			children = (
				3FCDC6AA22D6293300433AAB /* Base */,
			);
			name = Main.storyboard;
			sourceTree = "<group>";
		};
		3FCDC6AE22D6293500433AAB /* LaunchScreen.storyboard */ = {
			isa = PBXVariantGroup;
			children = (
				3FCDC6AF22D6293500433AAB /* Base */,
			);
			name = LaunchScreen.storyboard;
			sourceTree = "<group>";
		};
/* End PBXVariantGroup section */

/* Begin XCBuildConfiguration section */
		3FCDC6C822D6293500433AAB /* Debug */ = {
			isa = XCBuildConfiguration;
			buildSettings = {
				ALWAYS_SEARCH_USER_PATHS = NO;
				CLANG_ANALYZER_NONNULL = YES;
				CLANG_ANALYZER_NUMBER_OBJECT_CONVERSION = YES_AGGRESSIVE;
				CLANG_CXX_LANGUAGE_STANDARD = "gnu++14";
				CLANG_CXX_LIBRARY = "libc++";
				CLANG_ENABLE_MODULES = YES;
				CLANG_ENABLE_OBJC_ARC = YES;
				CLANG_ENABLE_OBJC_WEAK = YES;
				CLANG_WARN_BLOCK_CAPTURE_AUTORELEASING = YES;
				CLANG_WARN_BOOL_CONVERSION = YES;
				CLANG_WARN_COMMA = YES;
				CLANG_WARN_CONSTANT_CONVERSION = YES;
				CLANG_WARN_DEPRECATED_OBJC_IMPLEMENTATIONS = YES;
				CLANG_WARN_DIRECT_OBJC_ISA_USAGE = YES_ERROR;
				CLANG_WARN_DOCUMENTATION_COMMENTS = YES;
				CLANG_WARN_EMPTY_BODY = YES;
				CLANG_WARN_ENUM_CONVERSION = YES;
				CLANG_WARN_INFINITE_RECURSION = YES;
				CLANG_WARN_INT_CONVERSION = YES;
				CLANG_WARN_NON_LITERAL_NULL_CONVERSION = YES;
				CLANG_WARN_OBJC_IMPLICIT_RETAIN_SELF = YES;
				CLANG_WARN_OBJC_LITERAL_CONVERSION = YES;
				CLANG_WARN_OBJC_ROOT_CLASS = YES_ERROR;
				CLANG_WARN_RANGE_LOOP_ANALYSIS = YES;
				CLANG_WARN_STRICT_PROTOTYPES = YES;
				CLANG_WARN_SUSPICIOUS_MOVE = YES;
				CLANG_WARN_UNGUARDED_AVAILABILITY = YES_AGGRESSIVE;
				CLANG_WARN_UNREACHABLE_CODE = YES;
				CLANG_WARN__DUPLICATE_METHOD_MATCH = YES;
				CODE_SIGN_IDENTITY = "iPhone Developer";
				COPY_PHASE_STRIP = NO;
				DEBUG_INFORMATION_FORMAT = dwarf;
				ENABLE_STRICT_OBJC_MSGSEND = YES;
				ENABLE_TESTABILITY = YES;
				GCC_C_LANGUAGE_STANDARD = gnu11;
				GCC_DYNAMIC_NO_PIC = NO;
				GCC_NO_COMMON_BLOCKS = YES;
				GCC_OPTIMIZATION_LEVEL = 0;
				GCC_PREPROCESSOR_DEFINITIONS = (
					"DEBUG=1",
					"$(inherited)",
				);
				GCC_WARN_64_TO_32_BIT_CONVERSION = YES;
				GCC_WARN_ABOUT_RETURN_TYPE = YES_ERROR;
				GCC_WARN_UNDECLARED_SELECTOR = YES;
				GCC_WARN_UNINITIALIZED_AUTOS = YES_AGGRESSIVE;
				GCC_WARN_UNUSED_FUNCTION = YES;
				GCC_WARN_UNUSED_VARIABLE = YES;
				IPHONEOS_DEPLOYMENT_TARGET = 12.1;
				MTL_ENABLE_DEBUG_INFO = INCLUDE_SOURCE;
				MTL_FAST_MATH = YES;
				ONLY_ACTIVE_ARCH = YES;
				SDKROOT = iphoneos;
				SWIFT_ACTIVE_COMPILATION_CONDITIONS = DEBUG;
				SWIFT_OPTIMIZATION_LEVEL = "-Onone";
			};
			name = Debug;
		};
		3FCDC6C922D6293500433AAB /* Release */ = {
			isa = XCBuildConfiguration;
			buildSettings = {
				ALWAYS_SEARCH_USER_PATHS = NO;
				CLANG_ANALYZER_NONNULL = YES;
				CLANG_ANALYZER_NUMBER_OBJECT_CONVERSION = YES_AGGRESSIVE;
				CLANG_CXX_LANGUAGE_STANDARD = "gnu++14";
				CLANG_CXX_LIBRARY = "libc++";
				CLANG_ENABLE_MODULES = YES;
				CLANG_ENABLE_OBJC_ARC = YES;
				CLANG_ENABLE_OBJC_WEAK = YES;
				CLANG_WARN_BLOCK_CAPTURE_AUTORELEASING = YES;
				CLANG_WARN_BOOL_CONVERSION = YES;
				CLANG_WARN_COMMA = YES;
				CLANG_WARN_CONSTANT_CONVERSION = YES;
				CLANG_WARN_DEPRECATED_OBJC_IMPLEMENTATIONS = YES;
				CLANG_WARN_DIRECT_OBJC_ISA_USAGE = YES_ERROR;
				CLANG_WARN_DOCUMENTATION_COMMENTS = YES;
				CLANG_WARN_EMPTY_BODY = YES;
				CLANG_WARN_ENUM_CONVERSION = YES;
				CLANG_WARN_INFINITE_RECURSION = YES;
				CLANG_WARN_INT_CONVERSION = YES;
				CLANG_WARN_NON_LITERAL_NULL_CONVERSION = YES;
				CLANG_WARN_OBJC_IMPLICIT_RETAIN_SELF = YES;
				CLANG_WARN_OBJC_LITERAL_CONVERSION = YES;
				CLANG_WARN_OBJC_ROOT_CLASS = YES_ERROR;
				CLANG_WARN_RANGE_LOOP_ANALYSIS = YES;
				CLANG_WARN_STRICT_PROTOTYPES = YES;
				CLANG_WARN_SUSPICIOUS_MOVE = YES;
				CLANG_WARN_UNGUARDED_AVAILABILITY = YES_AGGRESSIVE;
				CLANG_WARN_UNREACHABLE_CODE = YES;
				CLANG_WARN__DUPLICATE_METHOD_MATCH = YES;
				CODE_SIGN_IDENTITY = "iPhone Developer";
				COPY_PHASE_STRIP = NO;
				DEBUG_INFORMATION_FORMAT = "dwarf-with-dsym";
				ENABLE_NS_ASSERTIONS = NO;
				ENABLE_STRICT_OBJC_MSGSEND = YES;
				GCC_C_LANGUAGE_STANDARD = gnu11;
				GCC_NO_COMMON_BLOCKS = YES;
				GCC_WARN_64_TO_32_BIT_CONVERSION = YES;
				GCC_WARN_ABOUT_RETURN_TYPE = YES_ERROR;
				GCC_WARN_UNDECLARED_SELECTOR = YES;
				GCC_WARN_UNINITIALIZED_AUTOS = YES_AGGRESSIVE;
				GCC_WARN_UNUSED_FUNCTION = YES;
				GCC_WARN_UNUSED_VARIABLE = YES;
				IPHONEOS_DEPLOYMENT_TARGET = 12.1;
				MTL_ENABLE_DEBUG_INFO = NO;
				MTL_FAST_MATH = YES;
				SDKROOT = iphoneos;
				SWIFT_COMPILATION_MODE = wholemodule;
				SWIFT_OPTIMIZATION_LEVEL = "-O";
				VALIDATE_PRODUCT = YES;
			};
			name = Release;
		};
		3FCDC6CB22D6293500433AAB /* Debug */ = {
			isa = XCBuildConfiguration;
			buildSettings = {
				ASSETCATALOG_COMPILER_APPICON_NAME = AppIcon;
				CODE_SIGN_STYLE = Automatic;
				INFOPLIST_FILE = S.O.S/Info.plist;
				LD_RUNPATH_SEARCH_PATHS = (
					"$(inherited)",
					"@executable_path/Frameworks",
				);
				PRODUCT_BUNDLE_IDENTIFIER = "test.S-O-S";
				PRODUCT_NAME = "$(TARGET_NAME)";
				SWIFT_VERSION = 4.2;
				TARGETED_DEVICE_FAMILY = "1,2";
			};
			name = Debug;
		};
		3FCDC6CC22D6293500433AAB /* Release */ = {
			isa = XCBuildConfiguration;
			buildSettings = {
				ASSETCATALOG_COMPILER_APPICON_NAME = AppIcon;
				CODE_SIGN_STYLE = Automatic;
				INFOPLIST_FILE = S.O.S/Info.plist;
				LD_RUNPATH_SEARCH_PATHS = (
					"$(inherited)",
					"@executable_path/Frameworks",
				);
				PRODUCT_BUNDLE_IDENTIFIER = "test.S-O-S";
				PRODUCT_NAME = "$(TARGET_NAME)";
				SWIFT_VERSION = 4.2;
				TARGETED_DEVICE_FAMILY = "1,2";
			};
			name = Release;
		};
		3FCDC6CE22D6293500433AAB /* Debug */ = {
			isa = XCBuildConfiguration;
			buildSettings = {
				ALWAYS_EMBED_SWIFT_STANDARD_LIBRARIES = YES;
				BUNDLE_LOADER = "$(TEST_HOST)";
				CODE_SIGN_STYLE = Automatic;
				INFOPLIST_FILE = S.O.STests/Info.plist;
				LD_RUNPATH_SEARCH_PATHS = (
					"$(inherited)",
					"@executable_path/Frameworks",
					"@loader_path/Frameworks",
				);
				PRODUCT_BUNDLE_IDENTIFIER = "test.S-O-STests";
				PRODUCT_NAME = "$(TARGET_NAME)";
				SWIFT_VERSION = 4.2;
				TARGETED_DEVICE_FAMILY = "1,2";
				TEST_HOST = "$(BUILT_PRODUCTS_DIR)/S.O.S.app/S.O.S";
			};
			name = Debug;
		};
		3FCDC6CF22D6293500433AAB /* Release */ = {
			isa = XCBuildConfiguration;
			buildSettings = {
				ALWAYS_EMBED_SWIFT_STANDARD_LIBRARIES = YES;
				BUNDLE_LOADER = "$(TEST_HOST)";
				CODE_SIGN_STYLE = Automatic;
				INFOPLIST_FILE = S.O.STests/Info.plist;
				LD_RUNPATH_SEARCH_PATHS = (
					"$(inherited)",
					"@executable_path/Frameworks",
					"@loader_path/Frameworks",
				);
				PRODUCT_BUNDLE_IDENTIFIER = "test.S-O-STests";
				PRODUCT_NAME = "$(TARGET_NAME)";
				SWIFT_VERSION = 4.2;
				TARGETED_DEVICE_FAMILY = "1,2";
				TEST_HOST = "$(BUILT_PRODUCTS_DIR)/S.O.S.app/S.O.S";
			};
			name = Release;
		};
		3FCDC6D122D6293500433AAB /* Debug */ = {
			isa = XCBuildConfiguration;
			buildSettings = {
				ALWAYS_EMBED_SWIFT_STANDARD_LIBRARIES = YES;
				CODE_SIGN_STYLE = Automatic;
				INFOPLIST_FILE = S.O.SUITests/Info.plist;
				LD_RUNPATH_SEARCH_PATHS = (
					"$(inherited)",
					"@executable_path/Frameworks",
					"@loader_path/Frameworks",
				);
				PRODUCT_BUNDLE_IDENTIFIER = "test.S-O-SUITests";
				PRODUCT_NAME = "$(TARGET_NAME)";
				SWIFT_VERSION = 4.2;
				TARGETED_DEVICE_FAMILY = "1,2";
				TEST_TARGET_NAME = S.O.S;
			};
			name = Debug;
		};
		3FCDC6D222D6293500433AAB /* Release */ = {
			isa = XCBuildConfiguration;
			buildSettings = {
				ALWAYS_EMBED_SWIFT_STANDARD_LIBRARIES = YES;
				CODE_SIGN_STYLE = Automatic;
				INFOPLIST_FILE = S.O.SUITests/Info.plist;
				LD_RUNPATH_SEARCH_PATHS = (
					"$(inherited)",
					"@executable_path/Frameworks",
					"@loader_path/Frameworks",
				);
				PRODUCT_BUNDLE_IDENTIFIER = "test.S-O-SUITests";
				PRODUCT_NAME = "$(TARGET_NAME)";
				SWIFT_VERSION = 4.2;
				TARGETED_DEVICE_FAMILY = "1,2";
				TEST_TARGET_NAME = S.O.S;
			};
			name = Release;
		};
/* End XCBuildConfiguration section */

/* Begin XCConfigurationList section */
		3FCDC69D22D6293300433AAB /* Build configuration list for PBXProject "S.O.S" */ = {
			isa = XCConfigurationList;
			buildConfigurations = (
				3FCDC6C822D6293500433AAB /* Debug */,
				3FCDC6C922D6293500433AAB /* Release */,
			);
			defaultConfigurationIsVisible = 0;
			defaultConfigurationName = Release;
		};
		3FCDC6CA22D6293500433AAB /* Build configuration list for PBXNativeTarget "S.O.S" */ = {
			isa = XCConfigurationList;
			buildConfigurations = (
				3FCDC6CB22D6293500433AAB /* Debug */,
				3FCDC6CC22D6293500433AAB /* Release */,
			);
			defaultConfigurationIsVisible = 0;
			defaultConfigurationName = Release;
		};
		3FCDC6CD22D6293500433AAB /* Build configuration list for PBXNativeTarget "S.O.STests" */ = {
			isa = XCConfigurationList;
			buildConfigurations = (
				3FCDC6CE22D6293500433AAB /* Debug */,
				3FCDC6CF22D6293500433AAB /* Release */,
			);
			defaultConfigurationIsVisible = 0;
			defaultConfigurationName = Release;
		};
		3FCDC6D022D6293500433AAB /* Build configuration list for PBXNativeTarget "S.O.SUITests" */ = {
			isa = XCConfigurationList;
			buildConfigurations = (
				3FCDC6D122D6293500433AAB /* Debug */,
				3FCDC6D222D6293500433AAB /* Release */,
			);
			defaultConfigurationIsVisible = 0;
			defaultConfigurationName = Release;
		};
/* End XCConfigurationList section */
	};
	rootObject = 3FCDC69A22D6293300433AAB /* Project object */;
}
